// !$*UTF8*$!
{
	archiveVersion = 1;
	classes = {
	};
	objectVersion = 44;
	objects = {

/* Begin PBXAggregateTarget section */
		FA63F9BE0D75E78C00335062 /* All targets */ = {
			isa = PBXAggregateTarget;
			buildConfigurationList = FA63F9C50D75E7B800335062 /* Build configuration list for PBXAggregateTarget "All targets" */;
			buildPhases = (
			);
			dependencies = (
				FA63F9C20D75E79400335062 /* PBXTargetDependency */,
				FA63F9C40D75E79400335062 /* PBXTargetDependency */,
			);
			name = "All targets";
			productName = "All targets";
		};
/* End PBXAggregateTarget section */

/* Begin PBXBuildFile section */
		8D5B49B0048680CD000E48DA /* InfoPlist.strings in Resources */ = {isa = PBXBuildFile; fileRef = 089C167DFE841241C02AAC07 /* InfoPlist.strings */; };
		8D5B49B4048680CD000E48DA /* Cocoa.framework in Frameworks */ = {isa = PBXBuildFile; fileRef = 1058C7ADFEA557BF11CA2CBB /* Cocoa.framework */; };
		FA0C663F0CF6436B00A04226 /* InfoPlist.strings in Resources */ = {isa = PBXBuildFile; fileRef = 089C167DFE841241C02AAC07 /* InfoPlist.strings */; };
		FA0C66400CF6436B00A04226 /* KeywurlPreferences.nib in Resources */ = {isa = PBXBuildFile; fileRef = FA87B6FF0C78D6C20085F985 /* KeywurlPreferences.nib */; };
		FA0C66410CF6436B00A04226 /* Keywurl.png in Resources */ = {isa = PBXBuildFile; fileRef = FA87B7230C78DCAE0085F985 /* Keywurl.png */; };
		FA0C66420CF6436B00A04226 /* Keywurl.icns in Resources */ = {isa = PBXBuildFile; fileRef = FA87B7270C78DCF00085F985 /* Keywurl.icns */; };
		FA0C66430CF6436B00A04226 /* Add.tiff in Resources */ = {isa = PBXBuildFile; fileRef = FAF7F8410C78E74600A289A7 /* Add.tiff */; };
		FA0C66440CF6436B00A04226 /* Remove.tiff in Resources */ = {isa = PBXBuildFile; fileRef = FAF7F8420C78E74600A289A7 /* Remove.tiff */; };
		FA0C66480CF6436B00A04226 /* KeywurlPlugin.m in Sources */ = {isa = PBXBuildFile; fileRef = FA53C8980C7376F900EC5ABE /* KeywurlPlugin.m */; };
		FA0C66490CF6436B00A04226 /* KeywordMapper.m in Sources */ = {isa = PBXBuildFile; fileRef = FA87B6A80C78C7730085F985 /* KeywordMapper.m */; };
		FA0C664A0CF6436B00A04226 /* KeywurlBrowserWindowController.m in Sources */ = {isa = PBXBuildFile; fileRef = FA87B6AA0C78C7730085F985 /* KeywurlBrowserWindowController.m */; };
		FA0C664B0CF6436B00A04226 /* KeywurlPreferences.m in Sources */ = {isa = PBXBuildFile; fileRef = FA87B6FC0C78D6AE0085F985 /* KeywurlPreferences.m */; };
		FA0C664C0CF6436B00A04226 /* NSPreferences+Keywurl.m in Sources */ = {isa = PBXBuildFile; fileRef = FA87B70E0C78D74C0085F985 /* NSPreferences+Keywurl.m */; };
		FA0C664D0CF6436B00A04226 /* KeywordMapping.m in Sources */ = {isa = PBXBuildFile; fileRef = FAF7F84F0C78F1A100A289A7 /* KeywordMapping.m */; };
		FA0C664F0CF6436B00A04226 /* Cocoa.framework in Frameworks */ = {isa = PBXBuildFile; fileRef = 1058C7ADFEA557BF11CA2CBB /* Cocoa.framework */; };
		FA53C8990C7376F900EC5ABE /* KeywurlPlugin.m in Sources */ = {isa = PBXBuildFile; fileRef = FA53C8980C7376F900EC5ABE /* KeywurlPlugin.m */; };
		FA87B6AB0C78C7730085F985 /* KeywordMapper.m in Sources */ = {isa = PBXBuildFile; fileRef = FA87B6A80C78C7730085F985 /* KeywordMapper.m */; };
		FA87B6AC0C78C7730085F985 /* KeywurlBrowserWindowController.m in Sources */ = {isa = PBXBuildFile; fileRef = FA87B6AA0C78C7730085F985 /* KeywurlBrowserWindowController.m */; };
		FA87B6FE0C78D6AE0085F985 /* KeywurlPreferences.m in Sources */ = {isa = PBXBuildFile; fileRef = FA87B6FC0C78D6AE0085F985 /* KeywurlPreferences.m */; };
		FA87B7010C78D6C20085F985 /* KeywurlPreferences.nib in Resources */ = {isa = PBXBuildFile; fileRef = FA87B6FF0C78D6C20085F985 /* KeywurlPreferences.nib */; };
		FA87B70F0C78D74C0085F985 /* NSPreferences+Keywurl.m in Sources */ = {isa = PBXBuildFile; fileRef = FA87B70E0C78D74C0085F985 /* NSPreferences+Keywurl.m */; };
		FA87B7240C78DCAE0085F985 /* Keywurl.png in Resources */ = {isa = PBXBuildFile; fileRef = FA87B7230C78DCAE0085F985 /* Keywurl.png */; };
		FA87B7280C78DCF00085F985 /* Keywurl.icns in Resources */ = {isa = PBXBuildFile; fileRef = FA87B7270C78DCF00085F985 /* Keywurl.icns */; };
		FAD8B8ED0D71A17900245FCD /* KeywurlBrowserWebView.m in Sources */ = {isa = PBXBuildFile; fileRef = FAD8B8EC0D71A17900245FCD /* KeywurlBrowserWebView.m */; };
		FAF7F8430C78E74600A289A7 /* Add.tiff in Resources */ = {isa = PBXBuildFile; fileRef = FAF7F8410C78E74600A289A7 /* Add.tiff */; };
		FAF7F8440C78E74600A289A7 /* Remove.tiff in Resources */ = {isa = PBXBuildFile; fileRef = FAF7F8420C78E74600A289A7 /* Remove.tiff */; };
		FAF7F8500C78F1A100A289A7 /* KeywordMapping.m in Sources */ = {isa = PBXBuildFile; fileRef = FAF7F84F0C78F1A100A289A7 /* KeywordMapping.m */; };
/* End PBXBuildFile section */

/* Begin PBXContainerItemProxy section */
		FA63F9C10D75E79400335062 /* PBXContainerItemProxy */ = {
			isa = PBXContainerItemProxy;
			containerPortal = 089C1669FE841209C02AAC07 /* Project object */;
			proxyType = 1;
			remoteGlobalIDString = FA0C663A0CF6436B00A04226 /* Keywurl for Safari 3.0 on Tiger */;
			remoteInfo = "Keywurl for Safari 3.0 on Tiger";
		};
		FA63F9C30D75E79400335062 /* PBXContainerItemProxy */ = {
			isa = PBXContainerItemProxy;
			containerPortal = 089C1669FE841209C02AAC07 /* Project object */;
			proxyType = 1;
			remoteGlobalIDString = 8D5B49AC048680CD000E48DA /* Keywurl for Safari 3.0 on Leopard */;
			remoteInfo = "Keywurl for Safari 3.0 on Leopard";
		};
/* End PBXContainerItemProxy section */

/* Begin PBXFileReference section */
		089C1672FE841209C02AAC07 /* Foundation.framework */ = {isa = PBXFileReference; lastKnownFileType = wrapper.framework; name = Foundation.framework; path = /System/Library/Frameworks/Foundation.framework; sourceTree = "<absolute>"; };
		089C167EFE841241C02AAC07 /* English */ = {isa = PBXFileReference; fileEncoding = 10; lastKnownFileType = text.plist.strings; name = English; path = English.lproj/InfoPlist.strings; sourceTree = "<group>"; };
		089C167FFE841241C02AAC07 /* AppKit.framework */ = {isa = PBXFileReference; lastKnownFileType = wrapper.framework; name = AppKit.framework; path = /System/Library/Frameworks/AppKit.framework; sourceTree = "<absolute>"; };
		1058C7ADFEA557BF11CA2CBB /* Cocoa.framework */ = {isa = PBXFileReference; lastKnownFileType = wrapper.framework; name = Cocoa.framework; path = /System/Library/Frameworks/Cocoa.framework; sourceTree = "<absolute>"; };
		32DBCF630370AF2F00C91783 /* Keywurl_Prefix.pch */ = {isa = PBXFileReference; fileEncoding = 4; lastKnownFileType = sourcecode.c.h; path = Keywurl_Prefix.pch; sourceTree = "<group>"; };
		8D5B49B6048680CD000E48DA /* Keywurl.bundle */ = {isa = PBXFileReference; explicitFileType = wrapper.cfbundle; includeInIndex = 0; name = Keywurl.bundle; path = "/Keywurl for Safari 3.0 on Leopard/Release/Keywurl.bundle"; sourceTree = "<absolute>"; };
		8D5B49B7048680CD000E48DA /* Info.plist */ = {isa = PBXFileReference; fileEncoding = 4; lastKnownFileType = text.xml; path = Info.plist; sourceTree = "<group>"; };
		D2F7E65807B2D6F200F64583 /* CoreData.framework */ = {isa = PBXFileReference; lastKnownFileType = wrapper.framework; name = CoreData.framework; path = /System/Library/Frameworks/CoreData.framework; sourceTree = "<absolute>"; };
		FA0C66550CF6436C00A04226 /* Keywurl.bundle */ = {isa = PBXFileReference; explicitFileType = wrapper.cfbundle; includeInIndex = 0; name = Keywurl.bundle; path = "/Keywurl for Safari 3.0 on Tiger/Release/Keywurl.bundle"; sourceTree = "<absolute>"; };
		FA53C8970C7376F900EC5ABE /* KeywurlPlugin.h */ = {isa = PBXFileReference; fileEncoding = 4; lastKnownFileType = sourcecode.c.h; path = KeywurlPlugin.h; sourceTree = "<group>"; };
		FA53C8980C7376F900EC5ABE /* KeywurlPlugin.m */ = {isa = PBXFileReference; fileEncoding = 4; lastKnownFileType = sourcecode.c.objc; path = KeywurlPlugin.m; sourceTree = "<group>"; };
		FA53C8EA0C73824800EC5ABE /* Safari.h */ = {isa = PBXFileReference; fileEncoding = 4; lastKnownFileType = sourcecode.c.h; path = Safari.h; sourceTree = "<group>"; };
		FA87B6A70C78C7730085F985 /* KeywordMapper.h */ = {isa = PBXFileReference; fileEncoding = 4; lastKnownFileType = sourcecode.c.h; path = KeywordMapper.h; sourceTree = "<group>"; };
		FA87B6A80C78C7730085F985 /* KeywordMapper.m */ = {isa = PBXFileReference; fileEncoding = 4; lastKnownFileType = sourcecode.c.objc; path = KeywordMapper.m; sourceTree = "<group>"; };
		FA87B6A90C78C7730085F985 /* KeywurlBrowserWindowController.h */ = {isa = PBXFileReference; fileEncoding = 4; lastKnownFileType = sourcecode.c.h; path = KeywurlBrowserWindowController.h; sourceTree = "<group>"; };
		FA87B6AA0C78C7730085F985 /* KeywurlBrowserWindowController.m */ = {isa = PBXFileReference; fileEncoding = 4; lastKnownFileType = sourcecode.c.objc; path = KeywurlBrowserWindowController.m; sourceTree = "<group>"; };
		FA87B6FB0C78D6AE0085F985 /* KeywurlPreferences.h */ = {isa = PBXFileReference; fileEncoding = 4; lastKnownFileType = sourcecode.c.h; path = KeywurlPreferences.h; sourceTree = "<group>"; };
		FA87B6FC0C78D6AE0085F985 /* KeywurlPreferences.m */ = {isa = PBXFileReference; fileEncoding = 4; lastKnownFileType = sourcecode.c.objc; path = KeywurlPreferences.m; sourceTree = "<group>"; };
		FA87B6FD0C78D6AE0085F985 /* NSPreferenceModule.h */ = {isa = PBXFileReference; fileEncoding = 4; lastKnownFileType = sourcecode.c.h; path = NSPreferenceModule.h; sourceTree = "<group>"; };
		FA87B7000C78D6C20085F985 /* English */ = {isa = PBXFileReference; lastKnownFileType = wrapper.nib; name = English; path = English.lproj/KeywurlPreferences.nib; sourceTree = "<group>"; };
		FA87B70D0C78D74C0085F985 /* NSPreferences+Keywurl.h */ = {isa = PBXFileReference; fileEncoding = 4; lastKnownFileType = sourcecode.c.h; path = "NSPreferences+Keywurl.h"; sourceTree = "<group>"; };
		FA87B70E0C78D74C0085F985 /* NSPreferences+Keywurl.m */ = {isa = PBXFileReference; fileEncoding = 4; lastKnownFileType = sourcecode.c.objc; path = "NSPreferences+Keywurl.m"; sourceTree = "<group>"; };
		FA87B7230C78DCAE0085F985 /* Keywurl.png */ = {isa = PBXFileReference; lastKnownFileType = image.png; path = Keywurl.png; sourceTree = "<group>"; };
		FA87B7270C78DCF00085F985 /* Keywurl.icns */ = {isa = PBXFileReference; lastKnownFileType = image.icns; path = Keywurl.icns; sourceTree = "<group>"; };
		FAD264D40CF5ABA60038C40B /* SIMBL.pkg */ = {isa = PBXFileReference; lastKnownFileType = "wrapper.installer-pkg"; path = SIMBL.pkg; sourceTree = "<group>"; };
		FAD8B8EB0D71A17900245FCD /* KeywurlBrowserWebView.h */ = {isa = PBXFileReference; fileEncoding = 4; lastKnownFileType = sourcecode.c.h; path = KeywurlBrowserWebView.h; sourceTree = "<group>"; };
		FAD8B8EC0D71A17900245FCD /* KeywurlBrowserWebView.m */ = {isa = PBXFileReference; fileEncoding = 4; lastKnownFileType = sourcecode.c.objc; path = KeywurlBrowserWebView.m; sourceTree = "<group>"; };
		FAF7F8410C78E74600A289A7 /* Add.tiff */ = {isa = PBXFileReference; lastKnownFileType = image.tiff; path = Add.tiff; sourceTree = "<group>"; };
		FAF7F8420C78E74600A289A7 /* Remove.tiff */ = {isa = PBXFileReference; lastKnownFileType = image.tiff; path = Remove.tiff; sourceTree = "<group>"; };
		FAF7F84E0C78F1A100A289A7 /* KeywordMapping.h */ = {isa = PBXFileReference; fileEncoding = 4; lastKnownFileType = sourcecode.c.h; path = KeywordMapping.h; sourceTree = "<group>"; };
		FAF7F84F0C78F1A100A289A7 /* KeywordMapping.m */ = {isa = PBXFileReference; fileEncoding = 4; lastKnownFileType = sourcecode.c.objc; path = KeywordMapping.m; sourceTree = "<group>"; };
		FAF7F89D0C7909F700A289A7 /* Readme.rtf */ = {isa = PBXFileReference; lastKnownFileType = text.rtf; path = Readme.rtf; sourceTree = "<group>"; };
/* End PBXFileReference section */

/* Begin PBXFrameworksBuildPhase section */
		8D5B49B3048680CD000E48DA /* Frameworks */ = {
			isa = PBXFrameworksBuildPhase;
			buildActionMask = 2147483647;
			files = (
				8D5B49B4048680CD000E48DA /* Cocoa.framework in Frameworks */,
			);
			runOnlyForDeploymentPostprocessing = 0;
		};
		FA0C664E0CF6436B00A04226 /* Frameworks */ = {
			isa = PBXFrameworksBuildPhase;
			buildActionMask = 2147483647;
			files = (
				FA0C664F0CF6436B00A04226 /* Cocoa.framework in Frameworks */,
			);
			runOnlyForDeploymentPostprocessing = 0;
		};
/* End PBXFrameworksBuildPhase section */

/* Begin PBXGroup section */
		089C166AFE841209C02AAC07 /* Keywurl */ = {
			isa = PBXGroup;
			children = (
				08FB77AFFE84173DC02AAC07 /* Classes */,
				32C88E010371C26100C91783 /* Other Sources */,
				089C167CFE841241C02AAC07 /* Resources */,
				089C1671FE841209C02AAC07 /* Frameworks and Libraries */,
				19C28FB8FE9D52D311CA2CBB /* Products */,
			);
			name = Keywurl;
			sourceTree = "<group>";
		};
		089C1671FE841209C02AAC07 /* Frameworks and Libraries */ = {
			isa = PBXGroup;
			children = (
				1058C7ACFEA557BF11CA2CBB /* Linked Frameworks */,
				1058C7AEFEA557BF11CA2CBB /* Other Frameworks */,
			);
			name = "Frameworks and Libraries";
			sourceTree = "<group>";
		};
		089C167CFE841241C02AAC07 /* Resources */ = {
			isa = PBXGroup;
			children = (
				FAF7F8410C78E74600A289A7 /* Add.tiff */,
				FAF7F8420C78E74600A289A7 /* Remove.tiff */,
				FA87B7270C78DCF00085F985 /* Keywurl.icns */,
				FA87B7230C78DCAE0085F985 /* Keywurl.png */,
				FA87B6FF0C78D6C20085F985 /* KeywurlPreferences.nib */,
				8D5B49B7048680CD000E48DA /* Info.plist */,
				089C167DFE841241C02AAC07 /* InfoPlist.strings */,
			);
			name = Resources;
			sourceTree = "<group>";
		};
		08FB77AFFE84173DC02AAC07 /* Classes */ = {
			isa = PBXGroup;
			children = (
				FAD8B8EB0D71A17900245FCD /* KeywurlBrowserWebView.h */,
				FAD8B8EC0D71A17900245FCD /* KeywurlBrowserWebView.m */,
				FAF7F84E0C78F1A100A289A7 /* KeywordMapping.h */,
				FAF7F84F0C78F1A100A289A7 /* KeywordMapping.m */,
				FA87B70D0C78D74C0085F985 /* NSPreferences+Keywurl.h */,
				FA87B70E0C78D74C0085F985 /* NSPreferences+Keywurl.m */,
				FA87B6FB0C78D6AE0085F985 /* KeywurlPreferences.h */,
				FA87B6FC0C78D6AE0085F985 /* KeywurlPreferences.m */,
				FA87B6FD0C78D6AE0085F985 /* NSPreferenceModule.h */,
				FA87B6A70C78C7730085F985 /* KeywordMapper.h */,
				FA87B6A80C78C7730085F985 /* KeywordMapper.m */,
				FA87B6A90C78C7730085F985 /* KeywurlBrowserWindowController.h */,
				FA87B6AA0C78C7730085F985 /* KeywurlBrowserWindowController.m */,
				FA53C8970C7376F900EC5ABE /* KeywurlPlugin.h */,
				FA53C8980C7376F900EC5ABE /* KeywurlPlugin.m */,
				FA53C8EA0C73824800EC5ABE /* Safari.h */,
			);
			name = Classes;
			sourceTree = "<group>";
		};
		1058C7ACFEA557BF11CA2CBB /* Linked Frameworks */ = {
			isa = PBXGroup;
			children = (
				1058C7ADFEA557BF11CA2CBB /* Cocoa.framework */,
			);
			name = "Linked Frameworks";
			sourceTree = "<group>";
		};
		1058C7AEFEA557BF11CA2CBB /* Other Frameworks */ = {
			isa = PBXGroup;
			children = (
				089C167FFE841241C02AAC07 /* AppKit.framework */,
				D2F7E65807B2D6F200F64583 /* CoreData.framework */,
				089C1672FE841209C02AAC07 /* Foundation.framework */,
			);
			name = "Other Frameworks";
			sourceTree = "<group>";
		};
		19C28FB8FE9D52D311CA2CBB /* Products */ = {
			isa = PBXGroup;
			children = (
			);
			name = Products;
			sourceTree = "<group>";
		};
		32C88E010371C26100C91783 /* Other Sources */ = {
			isa = PBXGroup;
			children = (
				FAD264D40CF5ABA60038C40B /* SIMBL.pkg */,
				FAF7F89D0C7909F700A289A7 /* Readme.rtf */,
				32DBCF630370AF2F00C91783 /* Keywurl_Prefix.pch */,
			);
			name = "Other Sources";
			sourceTree = "<group>";
		};
/* End PBXGroup section */

/* Begin PBXNativeTarget section */
		8D5B49AC048680CD000E48DA /* Keywurl for Safari 3.0 on Leopard */ = {
			isa = PBXNativeTarget;
			buildConfigurationList = 1DEB913A08733D840010E9CD /* Build configuration list for PBXNativeTarget "Keywurl for Safari 3.0 on Leopard" */;
			buildPhases = (
				8D5B49AF048680CD000E48DA /* Resources */,
				8D5B49B1048680CD000E48DA /* Sources */,
				8D5B49B3048680CD000E48DA /* Frameworks */,
			);
			buildRules = (
			);
			dependencies = (
			);
			name = "Keywurl for Safari 3.0 on Leopard";
			productInstallPath = "$(HOME)/Library/Bundles";
			productName = Keywurl;
			productReference = 8D5B49B6048680CD000E48DA /* Keywurl.bundle */;
			productType = "com.apple.product-type.bundle";
		};
		FA0C663A0CF6436B00A04226 /* Keywurl for Safari 3.0 on Tiger */ = {
			isa = PBXNativeTarget;
			buildConfigurationList = FA0C66500CF6436B00A04226 /* Build configuration list for PBXNativeTarget "Keywurl for Safari 3.0 on Tiger" */;
			buildPhases = (
				FA0C663E0CF6436B00A04226 /* Resources */,
				FA0C66470CF6436B00A04226 /* Sources */,
				FA0C664E0CF6436B00A04226 /* Frameworks */,
			);
			buildRules = (
			);
			dependencies = (
			);
			name = "Keywurl for Safari 3.0 on Tiger";
			productInstallPath = "$(HOME)/Library/Bundles";
			productName = Keywurl;
			productReference = FA0C66550CF6436C00A04226 /* Keywurl.bundle */;
			productType = "com.apple.product-type.bundle";
		};
/* End PBXNativeTarget section */

/* Begin PBXProject section */
		089C1669FE841209C02AAC07 /* Project object */ = {
			isa = PBXProject;
			buildConfigurationList = 1DEB913E08733D840010E9CD /* Build configuration list for PBXProject "Keywurl" */;
			compatibilityVersion = "Xcode 3.0";
			hasScannedForEncodings = 1;
			mainGroup = 089C166AFE841209C02AAC07 /* Keywurl */;
			projectDirPath = "";
			projectRoot = "";
			targets = (
				FA63F9BE0D75E78C00335062 /* All targets */,
				FA0C663A0CF6436B00A04226 /* Keywurl for Safari 3.0 on Tiger */,
				8D5B49AC048680CD000E48DA /* Keywurl for Safari 3.0 on Leopard */,
			);
		};
/* End PBXProject section */

/* Begin PBXResourcesBuildPhase section */
		8D5B49AF048680CD000E48DA /* Resources */ = {
			isa = PBXResourcesBuildPhase;
			buildActionMask = 2147483647;
			files = (
				8D5B49B0048680CD000E48DA /* InfoPlist.strings in Resources */,
				FA87B7010C78D6C20085F985 /* KeywurlPreferences.nib in Resources */,
				FA87B7240C78DCAE0085F985 /* Keywurl.png in Resources */,
				FA87B7280C78DCF00085F985 /* Keywurl.icns in Resources */,
				FAF7F8430C78E74600A289A7 /* Add.tiff in Resources */,
				FAF7F8440C78E74600A289A7 /* Remove.tiff in Resources */,
			);
			runOnlyForDeploymentPostprocessing = 0;
		};
		FA0C663E0CF6436B00A04226 /* Resources */ = {
			isa = PBXResourcesBuildPhase;
			buildActionMask = 2147483647;
			files = (
				FA0C663F0CF6436B00A04226 /* InfoPlist.strings in Resources */,
				FA0C66400CF6436B00A04226 /* KeywurlPreferences.nib in Resources */,
				FA0C66410CF6436B00A04226 /* Keywurl.png in Resources */,
				FA0C66420CF6436B00A04226 /* Keywurl.icns in Resources */,
				FA0C66430CF6436B00A04226 /* Add.tiff in Resources */,
				FA0C66440CF6436B00A04226 /* Remove.tiff in Resources */,
			);
			runOnlyForDeploymentPostprocessing = 0;
		};
/* End PBXResourcesBuildPhase section */

/* Begin PBXSourcesBuildPhase section */
		8D5B49B1048680CD000E48DA /* Sources */ = {
			isa = PBXSourcesBuildPhase;
			buildActionMask = 2147483647;
			files = (
				FA53C8990C7376F900EC5ABE /* KeywurlPlugin.m in Sources */,
				FA87B6AB0C78C7730085F985 /* KeywordMapper.m in Sources */,
				FA87B6AC0C78C7730085F985 /* KeywurlBrowserWindowController.m in Sources */,
				FA87B6FE0C78D6AE0085F985 /* KeywurlPreferences.m in Sources */,
				FA87B70F0C78D74C0085F985 /* NSPreferences+Keywurl.m in Sources */,
				FAF7F8500C78F1A100A289A7 /* KeywordMapping.m in Sources */,
				FAD8B8ED0D71A17900245FCD /* KeywurlBrowserWebView.m in Sources */,
			);
			runOnlyForDeploymentPostprocessing = 0;
		};
		FA0C66470CF6436B00A04226 /* Sources */ = {
			isa = PBXSourcesBuildPhase;
			buildActionMask = 2147483647;
			files = (
				FA0C66480CF6436B00A04226 /* KeywurlPlugin.m in Sources */,
				FA0C66490CF6436B00A04226 /* KeywordMapper.m in Sources */,
				FA0C664A0CF6436B00A04226 /* KeywurlBrowserWindowController.m in Sources */,
				FA0C664B0CF6436B00A04226 /* KeywurlPreferences.m in Sources */,
				FA0C664C0CF6436B00A04226 /* NSPreferences+Keywurl.m in Sources */,
				FA0C664D0CF6436B00A04226 /* KeywordMapping.m in Sources */,
			);
			runOnlyForDeploymentPostprocessing = 0;
		};
/* End PBXSourcesBuildPhase section */

/* Begin PBXTargetDependency section */
		FA63F9C20D75E79400335062 /* PBXTargetDependency */ = {
			isa = PBXTargetDependency;
			target = FA0C663A0CF6436B00A04226 /* Keywurl for Safari 3.0 on Tiger */;
			targetProxy = FA63F9C10D75E79400335062 /* PBXContainerItemProxy */;
		};
		FA63F9C40D75E79400335062 /* PBXTargetDependency */ = {
			isa = PBXTargetDependency;
			target = 8D5B49AC048680CD000E48DA /* Keywurl for Safari 3.0 on Leopard */;
			targetProxy = FA63F9C30D75E79400335062 /* PBXContainerItemProxy */;
		};
/* End PBXTargetDependency section */

/* Begin PBXVariantGroup section */
		089C167DFE841241C02AAC07 /* InfoPlist.strings */ = {
			isa = PBXVariantGroup;
			children = (
				089C167EFE841241C02AAC07 /* English */,
			);
			name = InfoPlist.strings;
			sourceTree = "<group>";
		};
		FA87B6FF0C78D6C20085F985 /* KeywurlPreferences.nib */ = {
			isa = PBXVariantGroup;
			children = (
				FA87B7000C78D6C20085F985 /* English */,
			);
			name = KeywurlPreferences.nib;
			sourceTree = "<group>";
		};
/* End PBXVariantGroup section */

/* Begin XCBuildConfiguration section */
		1DEB913B08733D840010E9CD /* Debug */ = {
			isa = XCBuildConfiguration;
			buildSettings = {
				COPY_PHASE_STRIP = NO;
				GCC_DYNAMIC_NO_PIC = NO;
				GCC_ENABLE_FIX_AND_CONTINUE = YES;
				GCC_MODEL_TUNING = G5;
				GCC_OPTIMIZATION_LEVEL = 0;
				GCC_PRECOMPILE_PREFIX_HEADER = YES;
				GCC_PREFIX_HEADER = Keywurl_Prefix.pch;
				INFOPLIST_FILE = Info.plist;
				INSTALL_PATH = "$(HOME)/Library/Bundles";
				PRODUCT_NAME = Keywurl;
				SDKROOT = "$(DEVELOPER_SDK_DIR)/MacOSX10.5.sdk";
				SYMROOT = "$(BUILD_DIR)/Keywurl for Safari 3.0 on Leopard";
				WRAPPER_EXTENSION = bundle;
				ZERO_LINK = YES;
			};
			name = Debug;
		};
		1DEB913C08733D840010E9CD /* Release */ = {
			isa = XCBuildConfiguration;
			buildSettings = {
				ARCHS = (
					ppc,
					i386,
				);
				GCC_GENERATE_DEBUGGING_SYMBOLS = NO;
				GCC_MODEL_TUNING = G5;
				GCC_PRECOMPILE_PREFIX_HEADER = YES;
				GCC_PREFIX_HEADER = Keywurl_Prefix.pch;
				INFOPLIST_FILE = Info.plist;
				INSTALL_PATH = "$(HOME)/Library/Bundles";
				PRODUCT_NAME = Keywurl;
				SDKROOT = "$(DEVELOPER_SDK_DIR)/MacOSX10.5.sdk";
				SYMROOT = "$(BUILD_DIR)/Keywurl for Safari 3.0 on Leopard";
				WRAPPER_EXTENSION = bundle;
			};
			name = Release;
		};
		1DEB913F08733D840010E9CD /* Debug */ = {
			isa = XCBuildConfiguration;
			buildSettings = {
				ARCHS = (
					i386,
					PPC,
				);
				GCC_C_LANGUAGE_STANDARD = c99;
				GCC_PREPROCESSOR_DEFINITIONS = KEYWURL_SAFARI_3_0;
				GCC_WARN_ABOUT_RETURN_TYPE = YES;
				GCC_WARN_UNUSED_VARIABLE = YES;
				INFOPLIST_PREPROCESS = YES;
				INFOPLIST_PREPROCESSOR_DEFINITIONS = (
					"MAX_BUNDLE_VERSION=522",
					"MIN_BUNDLE_VERSION=522",
				);
				KEYWURL_MAINTENANCE_VERSION = 1;
				KEYWURL_MAJOR_VERSION = 1;
				KEYWURL_MINOR_VERSION = 3;
				OTHER_LDFLAGS = (
					"-undefined",
					dynamic_lookup,
				);
				PREBINDING = NO;
				SDKROOT = "$(DEVELOPER_SDK_DIR)/MacOSX10.4u.sdk";
			};
			name = Debug;
		};
		1DEB914008733D840010E9CD /* Release */ = {
			isa = XCBuildConfiguration;
			buildSettings = {
				ARCHS = (
					i386,
					ppc,
					PPC,
				);
				GCC_C_LANGUAGE_STANDARD = c99;
				GCC_ENABLE_OBJC_GC = supported;
				GCC_OPTIMIZATION_LEVEL = 2;
				GCC_PREPROCESSOR_DEFINITIONS = KEYWURL_SAFARI_3_0;
				GCC_WARN_ABOUT_RETURN_TYPE = YES;
				GCC_WARN_UNUSED_VARIABLE = YES;
				INFOPLIST_PREPROCESS = YES;
				INFOPLIST_PREPROCESSOR_DEFINITIONS = (
					"KEYWURL_VERSION=1.3.1",
					"MAX_BUNDLE_VERSION=5523",
					"MIN_BUNDLE_VERSION=5523",
				);
				OTHER_LDFLAGS = (
					"-undefined",
					dynamic_lookup,
				);
				PREBINDING = NO;
				SDKROOT = "$(DEVELOPER_SDK_DIR)/MacOSX10.4u.sdk";
			};
			name = Release;
		};
		FA0C66510CF6436B00A04226 /* Debug */ = {
			isa = XCBuildConfiguration;
			buildSettings = {
				COPY_PHASE_STRIP = NO;
				GCC_DYNAMIC_NO_PIC = NO;
				GCC_ENABLE_FIX_AND_CONTINUE = YES;
				GCC_MODEL_TUNING = G5;
				GCC_OPTIMIZATION_LEVEL = 0;
				GCC_PRECOMPILE_PREFIX_HEADER = YES;
				GCC_PREFIX_HEADER = Keywurl_Prefix.pch;
				INFOPLIST_FILE = Info.plist;
				INSTALL_PATH = "$(HOME)/Library/Bundles";
				PRODUCT_NAME = Keywurl;
				SYMROOT = "$(BUILD_DIR)/Keywurl for Safari 3.0 on Tiger";
				WRAPPER_EXTENSION = bundle;
				ZERO_LINK = YES;
			};
			name = Debug;
		};
		FA0C66520CF6436B00A04226 /* Release */ = {
			isa = XCBuildConfiguration;
			buildSettings = {
				ARCHS = (
					ppc,
					i386,
				);
				GCC_GENERATE_DEBUGGING_SYMBOLS = NO;
				GCC_MODEL_TUNING = G5;
				GCC_PRECOMPILE_PREFIX_HEADER = YES;
				GCC_PREFIX_HEADER = Keywurl_Prefix.pch;
				INFOPLIST_FILE = Info.plist;
				INSTALL_PATH = "$(HOME)/Library/Bundles";
				PRODUCT_NAME = Keywurl;
				SYMROOT = "$(BUILD_DIR)/Keywurl for Safari 3.0 on Tiger";
				WRAPPER_EXTENSION = bundle;
			};
			name = Release;
		};
		FA63F9BF0D75E78C00335062 /* Debug */ = {
			isa = XCBuildConfiguration;
			buildSettings = {
				COPY_PHASE_STRIP = NO;
				GCC_DYNAMIC_NO_PIC = NO;
				GCC_OPTIMIZATION_LEVEL = 0;
				PRODUCT_NAME = "All targets";
			};
			name = Debug;
		};
		FA63F9C00D75E78C00335062 /* Release */ = {
			isa = XCBuildConfiguration;
			buildSettings = {
				COPY_PHASE_STRIP = YES;
				DEBUG_INFORMATION_FORMAT = "dwarf-with-dsym";
				GCC_ENABLE_FIX_AND_CONTINUE = NO;
				PRODUCT_NAME = "All targets";
				ZERO_LINK = NO;
			};
			name = Release;
		};
/* End XCBuildConfiguration section */

/* Begin XCConfigurationList section */
		1DEB913A08733D840010E9CD /* Build configuration list for PBXNativeTarget "Keywurl for Safari 3.0 on Leopard" */ = {
			isa = XCConfigurationList;
			buildConfigurations = (
				1DEB913B08733D840010E9CD /* Debug */,
				1DEB913C08733D840010E9CD /* Release */,
			);
			defaultConfigurationIsVisible = 0;
			defaultConfigurationName = Release;
		};
		1DEB913E08733D840010E9CD /* Build configuration list for PBXProject "Keywurl" */ = {
			isa = XCConfigurationList;
			buildConfigurations = (
				1DEB913F08733D840010E9CD /* Debug */,
				1DEB914008733D840010E9CD /* Release */,
			);
			defaultConfigurationIsVisible = 0;
			defaultConfigurationName = Release;
		};
		FA0C66500CF6436B00A04226 /* Build configuration list for PBXNativeTarget "Keywurl for Safari 3.0 on Tiger" */ = {
			isa = XCConfigurationList;
			buildConfigurations = (
				FA0C66510CF6436B00A04226 /* Debug */,
				FA0C66520CF6436B00A04226 /* Release */,
			);
			defaultConfigurationIsVisible = 0;
			defaultConfigurationName = Release;
		};
		FA63F9C50D75E7B800335062 /* Build configuration list for PBXAggregateTarget "All targets" */ = {
			isa = XCConfigurationList;
			buildConfigurations = (
				FA63F9BF0D75E78C00335062 /* Debug */,
				FA63F9C00D75E78C00335062 /* Release */,
			);
			defaultConfigurationIsVisible = 0;
			defaultConfigurationName = Release;
		};
/* End XCConfigurationList section */
	};
	rootObject = 089C1669FE841209C02AAC07 /* Project object */;
}
