// !$*UTF8*$!
{
	archiveVersion = 1;
	classes = {
	};
	objectVersion = 44;
	objects = {

/* Begin PBXAggregateTarget section */
		FA3A4DA20D78A25F00BD4C53 /* Keywurl */ = {
			isa = PBXAggregateTarget;
			buildConfigurationList = FA3A4DAE0D78A26F00BD4C53 /* Build configuration list for PBXAggregateTarget "Keywurl" */;
			buildPhases = (
			);
			dependencies = (
				FA3A4DA60D78A26600BD4C53 /* PBXTargetDependency */,
				FA3A4DA80D78A26600BD4C53 /* PBXTargetDependency */,
			);
			name = Keywurl;
			productName = Keywurl;
		};
/* End PBXAggregateTarget section */

/* Begin PBXBuildFile section */
		8D5B49B0048680CD000E48DA /* InfoPlist.strings in Resources */ = {isa = PBXBuildFile; fileRef = 089C167DFE841241C02AAC07 /* InfoPlist.strings */; };
		8D5B49B4048680CD000E48DA /* Cocoa.framework in Frameworks */ = {isa = PBXBuildFile; fileRef = 1058C7ADFEA557BF11CA2CBB /* Cocoa.framework */; };
		FA3406560D81FC0600F0EC2E /* SaveKeywordWindow.nib in Resources */ = {isa = PBXBuildFile; fileRef = FA3406550D81FC0600F0EC2E /* SaveKeywordWindow.nib */; };
		FA3406570D81FC0600F0EC2E /* SaveKeywordWindow.nib in Resources */ = {isa = PBXBuildFile; fileRef = FA3406550D81FC0600F0EC2E /* SaveKeywordWindow.nib */; };
		FA3406A10D82125D00F0EC2E /* KeywordSaveController.m in Sources */ = {isa = PBXBuildFile; fileRef = FA3406540D81FBF000F0EC2E /* KeywordSaveController.m */; };
		FA3406A20D82125E00F0EC2E /* KeywordSaveController.m in Sources */ = {isa = PBXBuildFile; fileRef = FA3406540D81FBF000F0EC2E /* KeywordSaveController.m */; };
		FA3A4D2E0D789D2800BD4C53 /* Add.tiff in Resources */ = {isa = PBXBuildFile; fileRef = FA3A4D170D789D2800BD4C53 /* Add.tiff */; };
		FA3A4D2F0D789D2800BD4C53 /* KeywordMapper.m in Sources */ = {isa = PBXBuildFile; fileRef = FA3A4D190D789D2800BD4C53 /* KeywordMapper.m */; };
		FA3A4D300D789D2800BD4C53 /* KeywordMapping.m in Sources */ = {isa = PBXBuildFile; fileRef = FA3A4D1B0D789D2800BD4C53 /* KeywordMapping.m */; };
		FA3A4D310D789D2800BD4C53 /* Keywurl.icns in Resources */ = {isa = PBXBuildFile; fileRef = FA3A4D1C0D789D2800BD4C53 /* Keywurl.icns */; };
		FA3A4D320D789D2800BD4C53 /* Keywurl.png in Resources */ = {isa = PBXBuildFile; fileRef = FA3A4D1D0D789D2800BD4C53 /* Keywurl.png */; };
		FA3A4D330D789D2800BD4C53 /* KeywurlBrowserWebView.m in Sources */ = {isa = PBXBuildFile; fileRef = FA3A4D1F0D789D2800BD4C53 /* KeywurlBrowserWebView.m */; };
		FA3A4D340D789D2800BD4C53 /* KeywurlBrowserWindowController.m in Sources */ = {isa = PBXBuildFile; fileRef = FA3A4D210D789D2800BD4C53 /* KeywurlBrowserWindowController.m */; };
		FA3A4D350D789D2800BD4C53 /* KeywurlPlugin.m in Sources */ = {isa = PBXBuildFile; fileRef = FA3A4D230D789D2800BD4C53 /* KeywurlPlugin.m */; };
		FA3A4D360D789D2800BD4C53 /* KeywurlPreferences.m in Sources */ = {isa = PBXBuildFile; fileRef = FA3A4D250D789D2800BD4C53 /* KeywurlPreferences.m */; };
		FA3A4D370D789D2800BD4C53 /* NSPreferences+Keywurl.m in Sources */ = {isa = PBXBuildFile; fileRef = FA3A4D280D789D2800BD4C53 /* NSPreferences+Keywurl.m */; };
		FA3A4D390D789D2800BD4C53 /* Remove.tiff in Resources */ = {isa = PBXBuildFile; fileRef = FA3A4D2A0D789D2800BD4C53 /* Remove.tiff */; };
		FA3A4D780D78A0BD00BD4C53 /* InfoPlist.strings in Resources */ = {isa = PBXBuildFile; fileRef = 089C167DFE841241C02AAC07 /* InfoPlist.strings */; };
		FA3A4D790D78A0BD00BD4C53 /* Add.tiff in Resources */ = {isa = PBXBuildFile; fileRef = FA3A4D170D789D2800BD4C53 /* Add.tiff */; };
		FA3A4D7A0D78A0BD00BD4C53 /* Keywurl.icns in Resources */ = {isa = PBXBuildFile; fileRef = FA3A4D1C0D789D2800BD4C53 /* Keywurl.icns */; };
		FA3A4D7B0D78A0BD00BD4C53 /* Keywurl.png in Resources */ = {isa = PBXBuildFile; fileRef = FA3A4D1D0D789D2800BD4C53 /* Keywurl.png */; };
		FA3A4D7D0D78A0BD00BD4C53 /* Remove.tiff in Resources */ = {isa = PBXBuildFile; fileRef = FA3A4D2A0D789D2800BD4C53 /* Remove.tiff */; };
		FA3A4D7F0D78A0BD00BD4C53 /* KeywordMapper.m in Sources */ = {isa = PBXBuildFile; fileRef = FA3A4D190D789D2800BD4C53 /* KeywordMapper.m */; };
		FA3A4D800D78A0BD00BD4C53 /* KeywordMapping.m in Sources */ = {isa = PBXBuildFile; fileRef = FA3A4D1B0D789D2800BD4C53 /* KeywordMapping.m */; };
		FA3A4D810D78A0BD00BD4C53 /* KeywurlBrowserWebView.m in Sources */ = {isa = PBXBuildFile; fileRef = FA3A4D1F0D789D2800BD4C53 /* KeywurlBrowserWebView.m */; };
		FA3A4D820D78A0BD00BD4C53 /* KeywurlBrowserWindowController.m in Sources */ = {isa = PBXBuildFile; fileRef = FA3A4D210D789D2800BD4C53 /* KeywurlBrowserWindowController.m */; };
		FA3A4D830D78A0BD00BD4C53 /* KeywurlPlugin.m in Sources */ = {isa = PBXBuildFile; fileRef = FA3A4D230D789D2800BD4C53 /* KeywurlPlugin.m */; };
		FA3A4D840D78A0BD00BD4C53 /* KeywurlPreferences.m in Sources */ = {isa = PBXBuildFile; fileRef = FA3A4D250D789D2800BD4C53 /* KeywurlPreferences.m */; };
		FA3A4D850D78A0BD00BD4C53 /* NSPreferences+Keywurl.m in Sources */ = {isa = PBXBuildFile; fileRef = FA3A4D280D789D2800BD4C53 /* NSPreferences+Keywurl.m */; };
		FA3A4D870D78A0BD00BD4C53 /* Cocoa.framework in Frameworks */ = {isa = PBXBuildFile; fileRef = 1058C7ADFEA557BF11CA2CBB /* Cocoa.framework */; };
		FA3A4D9E0D78A1DF00BD4C53 /* KeywurlPreferences.nib in Resources */ = {isa = PBXBuildFile; fileRef = FA3A4D9C0D78A1DF00BD4C53 /* KeywurlPreferences.nib */; };
		FA3A4D9F0D78A1E500BD4C53 /* KeywurlPreferences.nib in Resources */ = {isa = PBXBuildFile; fileRef = FA3A4D9C0D78A1DF00BD4C53 /* KeywurlPreferences.nib */; };
		FA7657530FE963DA00910178 /* IntroWindow.nib in Resources */ = {isa = PBXBuildFile; fileRef = FA7657520FE963DA00910178 /* IntroWindow.nib */; };
		FA7657540FE963DA00910178 /* IntroWindow.nib in Resources */ = {isa = PBXBuildFile; fileRef = FA7657520FE963DA00910178 /* IntroWindow.nib */; };
		FA7657550FE963DA00910178 /* IntroWindow.nib in Resources */ = {isa = PBXBuildFile; fileRef = FA7657520FE963DA00910178 /* IntroWindow.nib */; };
		FA7657560FE963DA00910178 /* IntroWindow.nib in Resources */ = {isa = PBXBuildFile; fileRef = FA7657520FE963DA00910178 /* IntroWindow.nib */; };
		FA76577C0FE9712900910178 /* IntroWindowController.m in Sources */ = {isa = PBXBuildFile; fileRef = FA76577B0FE9712900910178 /* IntroWindowController.m */; };
		FA76577D0FE9712900910178 /* IntroWindowController.m in Sources */ = {isa = PBXBuildFile; fileRef = FA76577B0FE9712900910178 /* IntroWindowController.m */; };
		FA76577E0FE9712900910178 /* IntroWindowController.m in Sources */ = {isa = PBXBuildFile; fileRef = FA76577B0FE9712900910178 /* IntroWindowController.m */; };
		FA76577F0FE9712900910178 /* IntroWindowController.m in Sources */ = {isa = PBXBuildFile; fileRef = FA76577B0FE9712900910178 /* IntroWindowController.m */; };
		FA7657B90FE97DA800910178 /* PreferencePreview.png in Resources */ = {isa = PBXBuildFile; fileRef = FA7657B70FE97DA800910178 /* PreferencePreview.png */; };
		FA7657BA0FE97DA800910178 /* PreferencePreview2.png in Resources */ = {isa = PBXBuildFile; fileRef = FA7657B80FE97DA800910178 /* PreferencePreview2.png */; };
		FA7657BB0FE97DA800910178 /* PreferencePreview.png in Resources */ = {isa = PBXBuildFile; fileRef = FA7657B70FE97DA800910178 /* PreferencePreview.png */; };
		FA7657BC0FE97DA800910178 /* PreferencePreview2.png in Resources */ = {isa = PBXBuildFile; fileRef = FA7657B80FE97DA800910178 /* PreferencePreview2.png */; };
		FA7657BD0FE97DA800910178 /* PreferencePreview.png in Resources */ = {isa = PBXBuildFile; fileRef = FA7657B70FE97DA800910178 /* PreferencePreview.png */; };
		FA7657BE0FE97DA800910178 /* PreferencePreview2.png in Resources */ = {isa = PBXBuildFile; fileRef = FA7657B80FE97DA800910178 /* PreferencePreview2.png */; };
		FA7657BF0FE97DA800910178 /* PreferencePreview.png in Resources */ = {isa = PBXBuildFile; fileRef = FA7657B70FE97DA800910178 /* PreferencePreview.png */; };
		FA7657C00FE97DA800910178 /* PreferencePreview2.png in Resources */ = {isa = PBXBuildFile; fileRef = FA7657B80FE97DA800910178 /* PreferencePreview2.png */; };
		FAD406F80FE2C59200365831 /* InfoPlist.strings in Resources */ = {isa = PBXBuildFile; fileRef = 089C167DFE841241C02AAC07 /* InfoPlist.strings */; };
		FAD406F90FE2C59200365831 /* Add.tiff in Resources */ = {isa = PBXBuildFile; fileRef = FA3A4D170D789D2800BD4C53 /* Add.tiff */; };
		FAD406FA0FE2C59200365831 /* Keywurl.icns in Resources */ = {isa = PBXBuildFile; fileRef = FA3A4D1C0D789D2800BD4C53 /* Keywurl.icns */; };
		FAD406FB0FE2C59200365831 /* Keywurl.png in Resources */ = {isa = PBXBuildFile; fileRef = FA3A4D1D0D789D2800BD4C53 /* Keywurl.png */; };
		FAD406FC0FE2C59200365831 /* Remove.tiff in Resources */ = {isa = PBXBuildFile; fileRef = FA3A4D2A0D789D2800BD4C53 /* Remove.tiff */; };
		FAD406FD0FE2C59200365831 /* KeywurlPreferences.nib in Resources */ = {isa = PBXBuildFile; fileRef = FA3A4D9C0D78A1DF00BD4C53 /* KeywurlPreferences.nib */; };
		FAD406FE0FE2C59200365831 /* SaveKeywordWindow.nib in Resources */ = {isa = PBXBuildFile; fileRef = FA3406550D81FC0600F0EC2E /* SaveKeywordWindow.nib */; };
		FAD407000FE2C59200365831 /* KeywordMapper.m in Sources */ = {isa = PBXBuildFile; fileRef = FA3A4D190D789D2800BD4C53 /* KeywordMapper.m */; };
		FAD407010FE2C59200365831 /* KeywordMapping.m in Sources */ = {isa = PBXBuildFile; fileRef = FA3A4D1B0D789D2800BD4C53 /* KeywordMapping.m */; };
		FAD407020FE2C59200365831 /* KeywurlBrowserWebView.m in Sources */ = {isa = PBXBuildFile; fileRef = FA3A4D1F0D789D2800BD4C53 /* KeywurlBrowserWebView.m */; };
		FAD407030FE2C59200365831 /* KeywurlBrowserWindowController.m in Sources */ = {isa = PBXBuildFile; fileRef = FA3A4D210D789D2800BD4C53 /* KeywurlBrowserWindowController.m */; };
		FAD407040FE2C59200365831 /* KeywurlPlugin.m in Sources */ = {isa = PBXBuildFile; fileRef = FA3A4D230D789D2800BD4C53 /* KeywurlPlugin.m */; };
		FAD407050FE2C59200365831 /* KeywurlPreferences.m in Sources */ = {isa = PBXBuildFile; fileRef = FA3A4D250D789D2800BD4C53 /* KeywurlPreferences.m */; };
		FAD407060FE2C59200365831 /* NSPreferences+Keywurl.m in Sources */ = {isa = PBXBuildFile; fileRef = FA3A4D280D789D2800BD4C53 /* NSPreferences+Keywurl.m */; };
		FAD407070FE2C59200365831 /* KeywordSaveController.m in Sources */ = {isa = PBXBuildFile; fileRef = FA3406540D81FBF000F0EC2E /* KeywordSaveController.m */; };
		FAD407090FE2C59200365831 /* Cocoa.framework in Frameworks */ = {isa = PBXBuildFile; fileRef = 1058C7ADFEA557BF11CA2CBB /* Cocoa.framework */; };
		FAE6DFDB0F55DC2C008D3D58 /* InfoPlist.strings in Resources */ = {isa = PBXBuildFile; fileRef = 089C167DFE841241C02AAC07 /* InfoPlist.strings */; };
		FAE6DFDC0F55DC2C008D3D58 /* Add.tiff in Resources */ = {isa = PBXBuildFile; fileRef = FA3A4D170D789D2800BD4C53 /* Add.tiff */; };
		FAE6DFDD0F55DC2C008D3D58 /* Keywurl.icns in Resources */ = {isa = PBXBuildFile; fileRef = FA3A4D1C0D789D2800BD4C53 /* Keywurl.icns */; };
		FAE6DFDE0F55DC2C008D3D58 /* Keywurl.png in Resources */ = {isa = PBXBuildFile; fileRef = FA3A4D1D0D789D2800BD4C53 /* Keywurl.png */; };
		FAE6DFDF0F55DC2C008D3D58 /* Remove.tiff in Resources */ = {isa = PBXBuildFile; fileRef = FA3A4D2A0D789D2800BD4C53 /* Remove.tiff */; };
		FAE6DFE00F55DC2C008D3D58 /* KeywurlPreferences.nib in Resources */ = {isa = PBXBuildFile; fileRef = FA3A4D9C0D78A1DF00BD4C53 /* KeywurlPreferences.nib */; };
		FAE6DFE10F55DC2C008D3D58 /* SaveKeywordWindow.nib in Resources */ = {isa = PBXBuildFile; fileRef = FA3406550D81FC0600F0EC2E /* SaveKeywordWindow.nib */; };
		FAE6DFE30F55DC2C008D3D58 /* KeywordMapper.m in Sources */ = {isa = PBXBuildFile; fileRef = FA3A4D190D789D2800BD4C53 /* KeywordMapper.m */; };
		FAE6DFE40F55DC2C008D3D58 /* KeywordMapping.m in Sources */ = {isa = PBXBuildFile; fileRef = FA3A4D1B0D789D2800BD4C53 /* KeywordMapping.m */; };
		FAE6DFE50F55DC2C008D3D58 /* KeywurlBrowserWebView.m in Sources */ = {isa = PBXBuildFile; fileRef = FA3A4D1F0D789D2800BD4C53 /* KeywurlBrowserWebView.m */; };
		FAE6DFE60F55DC2C008D3D58 /* KeywurlBrowserWindowController.m in Sources */ = {isa = PBXBuildFile; fileRef = FA3A4D210D789D2800BD4C53 /* KeywurlBrowserWindowController.m */; };
		FAE6DFE70F55DC2C008D3D58 /* KeywurlPlugin.m in Sources */ = {isa = PBXBuildFile; fileRef = FA3A4D230D789D2800BD4C53 /* KeywurlPlugin.m */; };
		FAE6DFE80F55DC2C008D3D58 /* KeywurlPreferences.m in Sources */ = {isa = PBXBuildFile; fileRef = FA3A4D250D789D2800BD4C53 /* KeywurlPreferences.m */; };
		FAE6DFE90F55DC2C008D3D58 /* NSPreferences+Keywurl.m in Sources */ = {isa = PBXBuildFile; fileRef = FA3A4D280D789D2800BD4C53 /* NSPreferences+Keywurl.m */; };
		FAE6DFEA0F55DC2C008D3D58 /* KeywordSaveController.m in Sources */ = {isa = PBXBuildFile; fileRef = FA3406540D81FBF000F0EC2E /* KeywordSaveController.m */; };
		FAE6DFEC0F55DC2C008D3D58 /* Cocoa.framework in Frameworks */ = {isa = PBXBuildFile; fileRef = 1058C7ADFEA557BF11CA2CBB /* Cocoa.framework */; };
/* End PBXBuildFile section */

/* Begin PBXContainerItemProxy section */
		FA3A4DA50D78A26600BD4C53 /* PBXContainerItemProxy */ = {
			isa = PBXContainerItemProxy;
			containerPortal = 089C1669FE841209C02AAC07 /* Project object */;
			proxyType = 1;
			remoteGlobalIDString = 8D5B49AC048680CD000E48DA;
			remoteInfo = "Keywurl on Leopard";
		};
		FA3A4DA70D78A26600BD4C53 /* PBXContainerItemProxy */ = {
			isa = PBXContainerItemProxy;
			containerPortal = 089C1669FE841209C02AAC07 /* Project object */;
			proxyType = 1;
			remoteGlobalIDString = FA3A4D760D78A0BD00BD4C53;
			remoteInfo = "Keywurl on Tiger";
		};
/* End PBXContainerItemProxy section */

/* Begin PBXFileReference section */
		089C1672FE841209C02AAC07 /* Foundation.framework */ = {isa = PBXFileReference; lastKnownFileType = wrapper.framework; name = Foundation.framework; path = /System/Library/Frameworks/Foundation.framework; sourceTree = "<absolute>"; };
		089C167EFE841241C02AAC07 /* English */ = {isa = PBXFileReference; fileEncoding = 10; lastKnownFileType = text.plist.strings; name = English; path = English.lproj/InfoPlist.strings; sourceTree = "<group>"; };
		089C167FFE841241C02AAC07 /* AppKit.framework */ = {isa = PBXFileReference; lastKnownFileType = wrapper.framework; name = AppKit.framework; path = /System/Library/Frameworks/AppKit.framework; sourceTree = "<absolute>"; };
		1058C7ADFEA557BF11CA2CBB /* Cocoa.framework */ = {isa = PBXFileReference; lastKnownFileType = wrapper.framework; name = Cocoa.framework; path = /System/Library/Frameworks/Cocoa.framework; sourceTree = "<absolute>"; };
		8D5B49B7048680CD000E48DA /* Info.plist */ = {isa = PBXFileReference; fileEncoding = 4; lastKnownFileType = text.plist.xml; path = Info.plist; sourceTree = "<group>"; };
		9056C74D105D3DF1002041F3 /* Safari4_0.h */ = {isa = PBXFileReference; fileEncoding = 4; lastKnownFileType = sourcecode.c.h; path = Safari4_0.h; sourceTree = "<group>"; };
		9056C758105D3EAB002041F3 /* Constants.h */ = {isa = PBXFileReference; fileEncoding = 4; lastKnownFileType = sourcecode.c.h; path = Constants.h; sourceTree = "<group>"; };
		D2F7E65807B2D6F200F64583 /* CoreData.framework */ = {isa = PBXFileReference; lastKnownFileType = wrapper.framework; name = CoreData.framework; path = /System/Library/Frameworks/CoreData.framework; sourceTree = "<absolute>"; };
		FA3406530D81FBF000F0EC2E /* KeywordSaveController.h */ = {isa = PBXFileReference; fileEncoding = 4; lastKnownFileType = sourcecode.c.h; path = KeywordSaveController.h; sourceTree = "<group>"; };
		FA3406540D81FBF000F0EC2E /* KeywordSaveController.m */ = {isa = PBXFileReference; fileEncoding = 4; lastKnownFileType = sourcecode.c.objc; path = KeywordSaveController.m; sourceTree = "<group>"; };
		FA3406550D81FC0600F0EC2E /* SaveKeywordWindow.nib */ = {isa = PBXFileReference; lastKnownFileType = wrapper.nib; path = SaveKeywordWindow.nib; sourceTree = "<group>"; };
		FA34066F0D81FDF100F0EC2E /* Keywurl.bundle */ = {isa = PBXFileReference; explicitFileType = wrapper.cfbundle; includeInIndex = 0; path = Keywurl.bundle; sourceTree = BUILT_PRODUCTS_DIR; };
		FA3406700D81FDF100F0EC2E /* Keywurl.bundle */ = {isa = PBXFileReference; explicitFileType = wrapper.cfbundle; includeInIndex = 0; path = Keywurl.bundle; sourceTree = BUILT_PRODUCTS_DIR; };
		FA3A4D170D789D2800BD4C53 /* Add.tiff */ = {isa = PBXFileReference; lastKnownFileType = image.tiff; path = Add.tiff; sourceTree = "<group>"; };
		FA3A4D180D789D2800BD4C53 /* KeywordMapper.h */ = {isa = PBXFileReference; fileEncoding = 4; lastKnownFileType = sourcecode.c.h; path = KeywordMapper.h; sourceTree = "<group>"; };
		FA3A4D190D789D2800BD4C53 /* KeywordMapper.m */ = {isa = PBXFileReference; fileEncoding = 4; lastKnownFileType = sourcecode.c.objc; path = KeywordMapper.m; sourceTree = "<group>"; };
		FA3A4D1A0D789D2800BD4C53 /* KeywordMapping.h */ = {isa = PBXFileReference; fileEncoding = 4; lastKnownFileType = sourcecode.c.h; path = KeywordMapping.h; sourceTree = "<group>"; };
		FA3A4D1B0D789D2800BD4C53 /* KeywordMapping.m */ = {isa = PBXFileReference; fileEncoding = 4; lastKnownFileType = sourcecode.c.objc; path = KeywordMapping.m; sourceTree = "<group>"; };
		FA3A4D1C0D789D2800BD4C53 /* Keywurl.icns */ = {isa = PBXFileReference; lastKnownFileType = image.icns; path = Keywurl.icns; sourceTree = "<group>"; };
		FA3A4D1D0D789D2800BD4C53 /* Keywurl.png */ = {isa = PBXFileReference; lastKnownFileType = image.png; path = Keywurl.png; sourceTree = "<group>"; };
		FA3A4D1E0D789D2800BD4C53 /* KeywurlBrowserWebView.h */ = {isa = PBXFileReference; fileEncoding = 4; lastKnownFileType = sourcecode.c.h; path = KeywurlBrowserWebView.h; sourceTree = "<group>"; };
		FA3A4D1F0D789D2800BD4C53 /* KeywurlBrowserWebView.m */ = {isa = PBXFileReference; fileEncoding = 4; lastKnownFileType = sourcecode.c.objc; path = KeywurlBrowserWebView.m; sourceTree = "<group>"; };
		FA3A4D200D789D2800BD4C53 /* KeywurlBrowserWindowController.h */ = {isa = PBXFileReference; fileEncoding = 4; lastKnownFileType = sourcecode.c.h; path = KeywurlBrowserWindowController.h; sourceTree = "<group>"; };
		FA3A4D210D789D2800BD4C53 /* KeywurlBrowserWindowController.m */ = {isa = PBXFileReference; fileEncoding = 4; lastKnownFileType = sourcecode.c.objc; path = KeywurlBrowserWindowController.m; sourceTree = "<group>"; };
		FA3A4D220D789D2800BD4C53 /* KeywurlPlugin.h */ = {isa = PBXFileReference; fileEncoding = 4; lastKnownFileType = sourcecode.c.h; path = KeywurlPlugin.h; sourceTree = "<group>"; };
		FA3A4D230D789D2800BD4C53 /* KeywurlPlugin.m */ = {isa = PBXFileReference; fileEncoding = 4; lastKnownFileType = sourcecode.c.objc; path = KeywurlPlugin.m; sourceTree = "<group>"; };
		FA3A4D240D789D2800BD4C53 /* KeywurlPreferences.h */ = {isa = PBXFileReference; fileEncoding = 4; lastKnownFileType = sourcecode.c.h; path = KeywurlPreferences.h; sourceTree = "<group>"; };
		FA3A4D250D789D2800BD4C53 /* KeywurlPreferences.m */ = {isa = PBXFileReference; fileEncoding = 4; lastKnownFileType = sourcecode.c.objc; path = KeywurlPreferences.m; sourceTree = "<group>"; };
		FA3A4D260D789D2800BD4C53 /* NSPreferenceModule.h */ = {isa = PBXFileReference; fileEncoding = 4; lastKnownFileType = sourcecode.c.h; path = NSPreferenceModule.h; sourceTree = "<group>"; };
		FA3A4D270D789D2800BD4C53 /* NSPreferences+Keywurl.h */ = {isa = PBXFileReference; fileEncoding = 4; lastKnownFileType = sourcecode.c.h; path = "NSPreferences+Keywurl.h"; sourceTree = "<group>"; };
		FA3A4D280D789D2800BD4C53 /* NSPreferences+Keywurl.m */ = {isa = PBXFileReference; fileEncoding = 4; lastKnownFileType = sourcecode.c.objc; path = "NSPreferences+Keywurl.m"; sourceTree = "<group>"; };
		FA3A4D2A0D789D2800BD4C53 /* Remove.tiff */ = {isa = PBXFileReference; lastKnownFileType = image.tiff; path = Remove.tiff; sourceTree = "<group>"; };
		FA3A4D2B0D789D2800BD4C53 /* Safari.h */ = {isa = PBXFileReference; fileEncoding = 4; lastKnownFileType = sourcecode.c.h; path = Safari.h; sourceTree = "<group>"; };
		FA3A4D2C0D789D2800BD4C53 /* Safari2_0.h */ = {isa = PBXFileReference; fileEncoding = 4; lastKnownFileType = sourcecode.c.h; path = Safari2_0.h; sourceTree = "<group>"; };
		FA3A4D2D0D789D2800BD4C53 /* Safari3_0.h */ = {isa = PBXFileReference; fileEncoding = 4; lastKnownFileType = sourcecode.c.h; path = Safari3_0.h; sourceTree = "<group>"; };
		FA3A4D9D0D78A1DF00BD4C53 /* English */ = {isa = PBXFileReference; lastKnownFileType = wrapper.nib; name = English; path = English.lproj/KeywurlPreferences.nib; sourceTree = "<group>"; };
		FA7657520FE963DA00910178 /* IntroWindow.nib */ = {isa = PBXFileReference; lastKnownFileType = wrapper.nib; path = IntroWindow.nib; sourceTree = "<group>"; };
		FA76577A0FE9712900910178 /* IntroWindowController.h */ = {isa = PBXFileReference; fileEncoding = 4; lastKnownFileType = sourcecode.c.h; path = IntroWindowController.h; sourceTree = "<group>"; };
		FA76577B0FE9712900910178 /* IntroWindowController.m */ = {isa = PBXFileReference; fileEncoding = 4; lastKnownFileType = sourcecode.c.objc; path = IntroWindowController.m; sourceTree = "<group>"; };
		FA7657B70FE97DA800910178 /* PreferencePreview.png */ = {isa = PBXFileReference; lastKnownFileType = image.png; path = PreferencePreview.png; sourceTree = "<group>"; };
		FA7657B80FE97DA800910178 /* PreferencePreview2.png */ = {isa = PBXFileReference; lastKnownFileType = image.png; path = PreferencePreview2.png; sourceTree = "<group>"; };
		FAD4070D0FE2C59200365831 /* Keywurl.bundle */ = {isa = PBXFileReference; explicitFileType = wrapper.cfbundle; includeInIndex = 0; path = Keywurl.bundle; sourceTree = BUILT_PRODUCTS_DIR; };
		FAE6DFF00F55DC2C008D3D58 /* Keywurl.bundle */ = {isa = PBXFileReference; explicitFileType = wrapper.cfbundle; includeInIndex = 0; path = Keywurl.bundle; sourceTree = BUILT_PRODUCTS_DIR; };
/* End PBXFileReference section */

/* Begin PBXFrameworksBuildPhase section */
		8D5B49B3048680CD000E48DA /* Frameworks */ = {
			isa = PBXFrameworksBuildPhase;
			buildActionMask = 2147483647;
			files = (
				8D5B49B4048680CD000E48DA /* Cocoa.framework in Frameworks */,
			);
			runOnlyForDeploymentPostprocessing = 0;
		};
		FA3A4D860D78A0BD00BD4C53 /* Frameworks */ = {
			isa = PBXFrameworksBuildPhase;
			buildActionMask = 2147483647;
			files = (
				FA3A4D870D78A0BD00BD4C53 /* Cocoa.framework in Frameworks */,
			);
			runOnlyForDeploymentPostprocessing = 0;
		};
		FAD407080FE2C59200365831 /* Frameworks */ = {
			isa = PBXFrameworksBuildPhase;
			buildActionMask = 2147483647;
			files = (
				FAD407090FE2C59200365831 /* Cocoa.framework in Frameworks */,
			);
			runOnlyForDeploymentPostprocessing = 0;
		};
		FAE6DFEB0F55DC2C008D3D58 /* Frameworks */ = {
			isa = PBXFrameworksBuildPhase;
			buildActionMask = 2147483647;
			files = (
				FAE6DFEC0F55DC2C008D3D58 /* Cocoa.framework in Frameworks */,
			);
			runOnlyForDeploymentPostprocessing = 0;
		};
/* End PBXFrameworksBuildPhase section */

/* Begin PBXGroup section */
		089C166AFE841209C02AAC07 /* Keywurl */ = {
			isa = PBXGroup;
			children = (
				08FB77AFFE84173DC02AAC07 /* Classes */,
				32C88E010371C26100C91783 /* Other Sources */,
				089C167CFE841241C02AAC07 /* Resources */,
				089C1671FE841209C02AAC07 /* Frameworks and Libraries */,
				19C28FB8FE9D52D311CA2CBB /* Products */,
			);
			name = Keywurl;
			sourceTree = "<group>";
		};
		089C1671FE841209C02AAC07 /* Frameworks and Libraries */ = {
			isa = PBXGroup;
			children = (
				1058C7ACFEA557BF11CA2CBB /* Linked Frameworks */,
				1058C7AEFEA557BF11CA2CBB /* Other Frameworks */,
			);
			name = "Frameworks and Libraries";
			sourceTree = "<group>";
		};
		089C167CFE841241C02AAC07 /* Resources */ = {
			isa = PBXGroup;
			children = (
				FA7657B70FE97DA800910178 /* PreferencePreview.png */,
				FA7657B80FE97DA800910178 /* PreferencePreview2.png */,
				FA7657520FE963DA00910178 /* IntroWindow.nib */,
				FA3406550D81FC0600F0EC2E /* SaveKeywordWindow.nib */,
				FA3A4D9C0D78A1DF00BD4C53 /* KeywurlPreferences.nib */,
				FA3A4D170D789D2800BD4C53 /* Add.tiff */,
				FA3A4D1C0D789D2800BD4C53 /* Keywurl.icns */,
				FA3A4D1D0D789D2800BD4C53 /* Keywurl.png */,
				FA3A4D2A0D789D2800BD4C53 /* Remove.tiff */,
				8D5B49B7048680CD000E48DA /* Info.plist */,
				089C167DFE841241C02AAC07 /* InfoPlist.strings */,
			);
			name = Resources;
			sourceTree = "<group>";
		};
		08FB77AFFE84173DC02AAC07 /* Classes */ = {
			isa = PBXGroup;
			children = (
				FA76577A0FE9712900910178 /* IntroWindowController.h */,
				FA76577B0FE9712900910178 /* IntroWindowController.m */,
				FA3406530D81FBF000F0EC2E /* KeywordSaveController.h */,
				FA3406540D81FBF000F0EC2E /* KeywordSaveController.m */,
				FA3A4D180D789D2800BD4C53 /* KeywordMapper.h */,
				FA3A4D190D789D2800BD4C53 /* KeywordMapper.m */,
				FA3A4D1A0D789D2800BD4C53 /* KeywordMapping.h */,
				FA3A4D1B0D789D2800BD4C53 /* KeywordMapping.m */,
				FA3A4D1E0D789D2800BD4C53 /* KeywurlBrowserWebView.h */,
				FA3A4D1F0D789D2800BD4C53 /* KeywurlBrowserWebView.m */,
				FA3A4D200D789D2800BD4C53 /* KeywurlBrowserWindowController.h */,
				FA3A4D210D789D2800BD4C53 /* KeywurlBrowserWindowController.m */,
				FA3A4D220D789D2800BD4C53 /* KeywurlPlugin.h */,
				FA3A4D230D789D2800BD4C53 /* KeywurlPlugin.m */,
				FA3A4D240D789D2800BD4C53 /* KeywurlPreferences.h */,
				FA3A4D250D789D2800BD4C53 /* KeywurlPreferences.m */,
				FA3A4D260D789D2800BD4C53 /* NSPreferenceModule.h */,
				FA3A4D270D789D2800BD4C53 /* NSPreferences+Keywurl.h */,
				FA3A4D280D789D2800BD4C53 /* NSPreferences+Keywurl.m */,
			);
			name = Classes;
			sourceTree = "<group>";
		};
		1058C7ACFEA557BF11CA2CBB /* Linked Frameworks */ = {
			isa = PBXGroup;
			children = (
				1058C7ADFEA557BF11CA2CBB /* Cocoa.framework */,
			);
			name = "Linked Frameworks";
			sourceTree = "<group>";
		};
		1058C7AEFEA557BF11CA2CBB /* Other Frameworks */ = {
			isa = PBXGroup;
			children = (
				089C167FFE841241C02AAC07 /* AppKit.framework */,
				D2F7E65807B2D6F200F64583 /* CoreData.framework */,
				089C1672FE841209C02AAC07 /* Foundation.framework */,
			);
			name = "Other Frameworks";
			sourceTree = "<group>";
		};
		19C28FB8FE9D52D311CA2CBB /* Products */ = {
			isa = PBXGroup;
			children = (
				FA34066F0D81FDF100F0EC2E /* Keywurl.bundle */,
				FA3406700D81FDF100F0EC2E /* Keywurl.bundle */,
				FAE6DFF00F55DC2C008D3D58 /* Keywurl.bundle */,
				FAD4070D0FE2C59200365831 /* Keywurl.bundle */,
			);
			name = Products;
			sourceTree = "<group>";
		};
		32C88E010371C26100C91783 /* Other Sources */ = {
			isa = PBXGroup;
			children = (
				9056C758105D3EAB002041F3 /* Constants.h */,
				FA3A4D2B0D789D2800BD4C53 /* Safari.h */,
				FA3A4D2C0D789D2800BD4C53 /* Safari2_0.h */,
				FA3A4D2D0D789D2800BD4C53 /* Safari3_0.h */,
				9056C74D105D3DF1002041F3 /* Safari4_0.h */,
			);
			name = "Other Sources";
			sourceTree = "<group>";
		};
/* End PBXGroup section */

/* Begin PBXNativeTarget section */
		8D5B49AC048680CD000E48DA /* Keywurl for Safari 3 on Leopard */ = {
			isa = PBXNativeTarget;
			buildConfigurationList = 1DEB913A08733D840010E9CD /* Build configuration list for PBXNativeTarget "Keywurl for Safari 3 on Leopard" */;
			buildPhases = (
				8D5B49AF048680CD000E48DA /* Resources */,
				8D5B49B1048680CD000E48DA /* Sources */,
				8D5B49B3048680CD000E48DA /* Frameworks */,
			);
			buildRules = (
			);
			dependencies = (
			);
			name = "Keywurl for Safari 3 on Leopard";
			productInstallPath = "$(HOME)/Library/Bundles";
			productName = Keywurl;
			productReference = FA34066F0D81FDF100F0EC2E /* Keywurl.bundle */;
			productType = "com.apple.product-type.bundle";
		};
		FA3A4D760D78A0BD00BD4C53 /* Keywurl for Safari 3 on Tiger */ = {
			isa = PBXNativeTarget;
			buildConfigurationList = FA3A4D880D78A0BD00BD4C53 /* Build configuration list for PBXNativeTarget "Keywurl for Safari 3 on Tiger" */;
			buildPhases = (
				FA3A4D770D78A0BD00BD4C53 /* Resources */,
				FA3A4D7E0D78A0BD00BD4C53 /* Sources */,
				FA3A4D860D78A0BD00BD4C53 /* Frameworks */,
			);
			buildRules = (
			);
			dependencies = (
			);
			name = "Keywurl for Safari 3 on Tiger";
			productInstallPath = "$(HOME)/Library/Bundles";
			productName = Keywurl;
			productReference = FA3406700D81FDF100F0EC2E /* Keywurl.bundle */;
			productType = "com.apple.product-type.bundle";
		};
		FAD406F60FE2C59200365831 /* Keywurl for Safari 4 on Tiger */ = {
			isa = PBXNativeTarget;
			buildConfigurationList = FAD4070A0FE2C59200365831 /* Build configuration list for PBXNativeTarget "Keywurl for Safari 4 on Tiger" */;
			buildPhases = (
				FAD406F70FE2C59200365831 /* Resources */,
				FAD406FF0FE2C59200365831 /* Sources */,
				FAD407080FE2C59200365831 /* Frameworks */,
			);
			buildRules = (
			);
			dependencies = (
			);
			name = "Keywurl for Safari 4 on Tiger";
			productInstallPath = "$(HOME)/Library/Bundles";
			productName = Keywurl;
			productReference = FAD4070D0FE2C59200365831 /* Keywurl.bundle */;
			productType = "com.apple.product-type.bundle";
		};
		FAE6DFD90F55DC2C008D3D58 /* Keywurl for Safari 4 on Leopard */ = {
			isa = PBXNativeTarget;
			buildConfigurationList = FAE6DFED0F55DC2C008D3D58 /* Build configuration list for PBXNativeTarget "Keywurl for Safari 4 on Leopard" */;
			buildPhases = (
				FAE6DFDA0F55DC2C008D3D58 /* Resources */,
				FAE6DFE20F55DC2C008D3D58 /* Sources */,
				FAE6DFEB0F55DC2C008D3D58 /* Frameworks */,
			);
			buildRules = (
			);
			dependencies = (
			);
			name = "Keywurl for Safari 4 on Leopard";
			productInstallPath = "$(HOME)/Library/Bundles";
			productName = Keywurl;
			productReference = FAE6DFF00F55DC2C008D3D58 /* Keywurl.bundle */;
			productType = "com.apple.product-type.bundle";
		};
/* End PBXNativeTarget section */

/* Begin PBXProject section */
		089C1669FE841209C02AAC07 /* Project object */ = {
			isa = PBXProject;
			buildConfigurationList = 1DEB913E08733D840010E9CD /* Build configuration list for PBXProject "Keywurl" */;
			compatibilityVersion = "Xcode 3.0";
			hasScannedForEncodings = 1;
			mainGroup = 089C166AFE841209C02AAC07 /* Keywurl */;
			projectDirPath = "";
			projectRoot = "";
			targets = (
				FA3A4DA20D78A25F00BD4C53 /* Keywurl */,
				8D5B49AC048680CD000E48DA /* Keywurl for Safari 3 on Leopard */,
				FA3A4D760D78A0BD00BD4C53 /* Keywurl for Safari 3 on Tiger */,
				FAE6DFD90F55DC2C008D3D58 /* Keywurl for Safari 4 on Leopard */,
				FAD406F60FE2C59200365831 /* Keywurl for Safari 4 on Tiger */,
			);
		};
/* End PBXProject section */

/* Begin PBXResourcesBuildPhase section */
		8D5B49AF048680CD000E48DA /* Resources */ = {
			isa = PBXResourcesBuildPhase;
			buildActionMask = 2147483647;
			files = (
				8D5B49B0048680CD000E48DA /* InfoPlist.strings in Resources */,
				FA3A4D2E0D789D2800BD4C53 /* Add.tiff in Resources */,
				FA3A4D310D789D2800BD4C53 /* Keywurl.icns in Resources */,
				FA3A4D320D789D2800BD4C53 /* Keywurl.png in Resources */,
				FA3A4D390D789D2800BD4C53 /* Remove.tiff in Resources */,
				FA3A4D9E0D78A1DF00BD4C53 /* KeywurlPreferences.nib in Resources */,
				FA3406560D81FC0600F0EC2E /* SaveKeywordWindow.nib in Resources */,
				FA7657530FE963DA00910178 /* IntroWindow.nib in Resources */,
				FA7657BB0FE97DA800910178 /* PreferencePreview.png in Resources */,
				FA7657BC0FE97DA800910178 /* PreferencePreview2.png in Resources */,
			);
			runOnlyForDeploymentPostprocessing = 0;
		};
		FA3A4D770D78A0BD00BD4C53 /* Resources */ = {
			isa = PBXResourcesBuildPhase;
			buildActionMask = 2147483647;
			files = (
				FA3A4D780D78A0BD00BD4C53 /* InfoPlist.strings in Resources */,
				FA3A4D790D78A0BD00BD4C53 /* Add.tiff in Resources */,
				FA3A4D7A0D78A0BD00BD4C53 /* Keywurl.icns in Resources */,
				FA3A4D7B0D78A0BD00BD4C53 /* Keywurl.png in Resources */,
				FA3A4D7D0D78A0BD00BD4C53 /* Remove.tiff in Resources */,
				FA3A4D9F0D78A1E500BD4C53 /* KeywurlPreferences.nib in Resources */,
				FA3406570D81FC0600F0EC2E /* SaveKeywordWindow.nib in Resources */,
				FA7657540FE963DA00910178 /* IntroWindow.nib in Resources */,
				FA7657BD0FE97DA800910178 /* PreferencePreview.png in Resources */,
				FA7657BE0FE97DA800910178 /* PreferencePreview2.png in Resources */,
			);
			runOnlyForDeploymentPostprocessing = 0;
		};
		FAD406F70FE2C59200365831 /* Resources */ = {
			isa = PBXResourcesBuildPhase;
			buildActionMask = 2147483647;
			files = (
				FAD406F80FE2C59200365831 /* InfoPlist.strings in Resources */,
				FAD406F90FE2C59200365831 /* Add.tiff in Resources */,
				FAD406FA0FE2C59200365831 /* Keywurl.icns in Resources */,
				FAD406FB0FE2C59200365831 /* Keywurl.png in Resources */,
				FAD406FC0FE2C59200365831 /* Remove.tiff in Resources */,
				FAD406FD0FE2C59200365831 /* KeywurlPreferences.nib in Resources */,
				FAD406FE0FE2C59200365831 /* SaveKeywordWindow.nib in Resources */,
				FA7657560FE963DA00910178 /* IntroWindow.nib in Resources */,
				FA7657BF0FE97DA800910178 /* PreferencePreview.png in Resources */,
				FA7657C00FE97DA800910178 /* PreferencePreview2.png in Resources */,
			);
			runOnlyForDeploymentPostprocessing = 0;
		};
		FAE6DFDA0F55DC2C008D3D58 /* Resources */ = {
			isa = PBXResourcesBuildPhase;
			buildActionMask = 2147483647;
			files = (
				FAE6DFDB0F55DC2C008D3D58 /* InfoPlist.strings in Resources */,
				FAE6DFDC0F55DC2C008D3D58 /* Add.tiff in Resources */,
				FAE6DFDD0F55DC2C008D3D58 /* Keywurl.icns in Resources */,
				FAE6DFDE0F55DC2C008D3D58 /* Keywurl.png in Resources */,
				FAE6DFDF0F55DC2C008D3D58 /* Remove.tiff in Resources */,
				FAE6DFE00F55DC2C008D3D58 /* KeywurlPreferences.nib in Resources */,
				FAE6DFE10F55DC2C008D3D58 /* SaveKeywordWindow.nib in Resources */,
				FA7657550FE963DA00910178 /* IntroWindow.nib in Resources */,
				FA7657B90FE97DA800910178 /* PreferencePreview.png in Resources */,
				FA7657BA0FE97DA800910178 /* PreferencePreview2.png in Resources */,
			);
			runOnlyForDeploymentPostprocessing = 0;
		};
/* End PBXResourcesBuildPhase section */

/* Begin PBXSourcesBuildPhase section */
		8D5B49B1048680CD000E48DA /* Sources */ = {
			isa = PBXSourcesBuildPhase;
			buildActionMask = 2147483647;
			files = (
				FA3A4D2F0D789D2800BD4C53 /* KeywordMapper.m in Sources */,
				FA3A4D300D789D2800BD4C53 /* KeywordMapping.m in Sources */,
				FA3A4D330D789D2800BD4C53 /* KeywurlBrowserWebView.m in Sources */,
				FA3A4D340D789D2800BD4C53 /* KeywurlBrowserWindowController.m in Sources */,
				FA3A4D350D789D2800BD4C53 /* KeywurlPlugin.m in Sources */,
				FA3A4D360D789D2800BD4C53 /* KeywurlPreferences.m in Sources */,
				FA3A4D370D789D2800BD4C53 /* NSPreferences+Keywurl.m in Sources */,
				FA3406A20D82125E00F0EC2E /* KeywordSaveController.m in Sources */,
				FA76577D0FE9712900910178 /* IntroWindowController.m in Sources */,
			);
			runOnlyForDeploymentPostprocessing = 0;
		};
		FA3A4D7E0D78A0BD00BD4C53 /* Sources */ = {
			isa = PBXSourcesBuildPhase;
			buildActionMask = 2147483647;
			files = (
				FA3A4D7F0D78A0BD00BD4C53 /* KeywordMapper.m in Sources */,
				FA3A4D800D78A0BD00BD4C53 /* KeywordMapping.m in Sources */,
				FA3A4D810D78A0BD00BD4C53 /* KeywurlBrowserWebView.m in Sources */,
				FA3A4D820D78A0BD00BD4C53 /* KeywurlBrowserWindowController.m in Sources */,
				FA3A4D830D78A0BD00BD4C53 /* KeywurlPlugin.m in Sources */,
				FA3A4D840D78A0BD00BD4C53 /* KeywurlPreferences.m in Sources */,
				FA3A4D850D78A0BD00BD4C53 /* NSPreferences+Keywurl.m in Sources */,
				FA3406A10D82125D00F0EC2E /* KeywordSaveController.m in Sources */,
				FA76577E0FE9712900910178 /* IntroWindowController.m in Sources */,
			);
			runOnlyForDeploymentPostprocessing = 0;
		};
		FAD406FF0FE2C59200365831 /* Sources */ = {
			isa = PBXSourcesBuildPhase;
			buildActionMask = 2147483647;
			files = (
				FAD407000FE2C59200365831 /* KeywordMapper.m in Sources */,
				FAD407010FE2C59200365831 /* KeywordMapping.m in Sources */,
				FAD407020FE2C59200365831 /* KeywurlBrowserWebView.m in Sources */,
				FAD407030FE2C59200365831 /* KeywurlBrowserWindowController.m in Sources */,
				FAD407040FE2C59200365831 /* KeywurlPlugin.m in Sources */,
				FAD407050FE2C59200365831 /* KeywurlPreferences.m in Sources */,
				FAD407060FE2C59200365831 /* NSPreferences+Keywurl.m in Sources */,
				FAD407070FE2C59200365831 /* KeywordSaveController.m in Sources */,
				FA76577F0FE9712900910178 /* IntroWindowController.m in Sources */,
			);
			runOnlyForDeploymentPostprocessing = 0;
		};
		FAE6DFE20F55DC2C008D3D58 /* Sources */ = {
			isa = PBXSourcesBuildPhase;
			buildActionMask = 2147483647;
			files = (
				FAE6DFE30F55DC2C008D3D58 /* KeywordMapper.m in Sources */,
				FAE6DFE40F55DC2C008D3D58 /* KeywordMapping.m in Sources */,
				FAE6DFE50F55DC2C008D3D58 /* KeywurlBrowserWebView.m in Sources */,
				FAE6DFE60F55DC2C008D3D58 /* KeywurlBrowserWindowController.m in Sources */,
				FAE6DFE70F55DC2C008D3D58 /* KeywurlPlugin.m in Sources */,
				FAE6DFE80F55DC2C008D3D58 /* KeywurlPreferences.m in Sources */,
				FAE6DFE90F55DC2C008D3D58 /* NSPreferences+Keywurl.m in Sources */,
				FAE6DFEA0F55DC2C008D3D58 /* KeywordSaveController.m in Sources */,
				FA76577C0FE9712900910178 /* IntroWindowController.m in Sources */,
			);
			runOnlyForDeploymentPostprocessing = 0;
		};
/* End PBXSourcesBuildPhase section */

/* Begin PBXTargetDependency section */
		FA3A4DA60D78A26600BD4C53 /* PBXTargetDependency */ = {
			isa = PBXTargetDependency;
			target = 8D5B49AC048680CD000E48DA /* Keywurl for Safari 3 on Leopard */;
			targetProxy = FA3A4DA50D78A26600BD4C53 /* PBXContainerItemProxy */;
		};
		FA3A4DA80D78A26600BD4C53 /* PBXTargetDependency */ = {
			isa = PBXTargetDependency;
			target = FA3A4D760D78A0BD00BD4C53 /* Keywurl for Safari 3 on Tiger */;
			targetProxy = FA3A4DA70D78A26600BD4C53 /* PBXContainerItemProxy */;
		};
/* End PBXTargetDependency section */

/* Begin PBXVariantGroup section */
		089C167DFE841241C02AAC07 /* InfoPlist.strings */ = {
			isa = PBXVariantGroup;
			children = (
				089C167EFE841241C02AAC07 /* English */,
			);
			name = InfoPlist.strings;
			sourceTree = "<group>";
		};
		FA3A4D9C0D78A1DF00BD4C53 /* KeywurlPreferences.nib */ = {
			isa = PBXVariantGroup;
			children = (
				FA3A4D9D0D78A1DF00BD4C53 /* English */,
			);
			name = KeywurlPreferences.nib;
			sourceTree = "<group>";
		};
/* End PBXVariantGroup section */

/* Begin XCBuildConfiguration section */
		1DEB913B08733D840010E9CD /* Debug */ = {
			isa = XCBuildConfiguration;
			buildSettings = {
				CONFIGURATION_BUILD_DIR = "$(BUILD_DIR)/$(CONFIGURATION) for Safari 3 on Leopard";
				COPY_PHASE_STRIP = NO;
				GCC_DYNAMIC_NO_PIC = NO;
				GCC_ENABLE_FIX_AND_CONTINUE = YES;
				GCC_ENABLE_OBJC_GC = supported;
				GCC_MODEL_TUNING = G5;
				GCC_OPTIMIZATION_LEVEL = 0;
				GCC_PRECOMPILE_PREFIX_HEADER = YES;
				GCC_PREFIX_HEADER = Keywurl_Prefix.pch;
				GCC_PREPROCESSOR_DEFINITIONS = "KEYWURL_SAFARI_VERSION=3";
				INFOPLIST_PREPROCESSOR_DEFINITIONS = "KEYWURL_SAFARI_VERSION=3";
				INSTALL_PATH = "$(HOME)/Library/Bundles";
				PRODUCT_NAME = Keywurl;
				SDKROOT = "$(DEVELOPER_SDK_DIR)/MacOSX10.5.sdk";
				WRAPPER_EXTENSION = bundle;
			};
			name = Debug;
		};
		1DEB913C08733D840010E9CD /* Release */ = {
			isa = XCBuildConfiguration;
			buildSettings = {
				CONFIGURATION_BUILD_DIR = "$(BUILD_DIR)/$(CONFIGURATION) for Safari 3 on Leopard";
				GCC_ENABLE_OBJC_GC = supported;
				GCC_MODEL_TUNING = G5;
				GCC_PRECOMPILE_PREFIX_HEADER = YES;
				GCC_PREFIX_HEADER = Keywurl_Prefix.pch;
				GCC_PREPROCESSOR_DEFINITIONS = (
					KEYWURL_TARGET_LEOPARD,
					"KEYWURL_SAFARI_VERSION=3",
				);
				INFOPLIST_PREPROCESSOR_DEFINITIONS = (
					KEYWURL_TARGET_LEOPARD,
					"KEYWURL_SAFARI_VERSION=3",
				);
				INSTALL_PATH = "$(HOME)/Library/Bundles";
				PRODUCT_NAME = Keywurl;
				SDKROOT = "$(DEVELOPER_SDK_DIR)/MacOSX10.5.sdk";
				WRAPPER_EXTENSION = bundle;
			};
			name = Release;
		};
		1DEB913F08733D840010E9CD /* Debug */ = {
			isa = XCBuildConfiguration;
			buildSettings = {
				GCC_C_LANGUAGE_STANDARD = c99;
				GCC_WARN_ABOUT_RETURN_TYPE = YES;
				GCC_WARN_UNUSED_VARIABLE = YES;
				INFOPLIST_FILE = Info.plist;
				INFOPLIST_OTHER_PREPROCESSOR_FLAGS = "";
				INFOPLIST_PREFIX_HEADER = Constants.h;
				INFOPLIST_PREPROCESS = YES;
				MACOSX_DEPLOYMENT_TARGET = 10.4;
				OTHER_LDFLAGS = (
					"-undefined",
					dynamic_lookup,
				);
				PREBINDING = NO;
				SDKROOT = "$(DEVELOPER_SDK_DIR)/MacOSX10.4u.sdk";
			};
			name = Debug;
		};
		1DEB914008733D840010E9CD /* Release */ = {
			isa = XCBuildConfiguration;
			buildSettings = {
				ARCHS = (
					ppc,
					i386,
				);
				GCC_C_LANGUAGE_STANDARD = c99;
				GCC_WARN_ABOUT_RETURN_TYPE = YES;
				GCC_WARN_UNUSED_VARIABLE = YES;
				INFOPLIST_FILE = Info.plist;
				INFOPLIST_OTHER_PREPROCESSOR_FLAGS = "";
				INFOPLIST_PREFIX_HEADER = Constants.h;
				INFOPLIST_PREPROCESS = YES;
				MACOSX_DEPLOYMENT_TARGET = 10.4;
				OTHER_LDFLAGS = (
					"-undefined",
					dynamic_lookup,
				);
				PREBINDING = NO;
				SDKROOT = "$(DEVELOPER_SDK_DIR)/MacOSX10.4u.sdk";
			};
			name = Release;
		};
		FA3A4D890D78A0BD00BD4C53 /* Debug */ = {
			isa = XCBuildConfiguration;
			buildSettings = {
				CONFIGURATION_BUILD_DIR = "$(BUILD_DIR)/$(CONFIGURATION) on Tiger";
				COPY_PHASE_STRIP = NO;
				GCC_DYNAMIC_NO_PIC = NO;
				GCC_ENABLE_FIX_AND_CONTINUE = YES;
				GCC_MODEL_TUNING = G5;
				GCC_OPTIMIZATION_LEVEL = 0;
				GCC_PRECOMPILE_PREFIX_HEADER = YES;
				GCC_PREFIX_HEADER = Keywurl_Prefix.pch;
				GCC_VERSION = 4.0;
				INFOPLIST_FILE = Info.plist;
				INSTALL_PATH = "$(HOME)/Library/Bundles";
				PRODUCT_NAME = Keywurl;
				WRAPPER_EXTENSION = bundle;
				ZERO_LINK = YES;
			};
			name = Debug;
		};
		FA3A4D8A0D78A0BD00BD4C53 /* Release */ = {
			isa = XCBuildConfiguration;
			buildSettings = {
				CONFIGURATION_BUILD_DIR = "$(BUILD_DIR)/$(CONFIGURATION) for Safari 3 on Tiger";
				DEBUG_INFORMATION_FORMAT = "dwarf-with-dsym";
				GCC_MODEL_TUNING = G5;
				GCC_PRECOMPILE_PREFIX_HEADER = YES;
				GCC_PREFIX_HEADER = Keywurl_Prefix.pch;
				GCC_PREPROCESSOR_DEFINITIONS = (
					KEYWURL_TARGET_TIGER,
					"KEYWURL_SAFARI_VERSION=3",
				);
				GCC_VERSION = 4.0;
				INFOPLIST_PREPROCESSOR_DEFINITIONS = (
					KEYWURL_TARGET_TIGER,
					"KEYWURL_SAFARI_VERSION=3",
				);
				INSTALL_PATH = "$(HOME)/Library/Bundles";
				PRODUCT_NAME = Keywurl;
				WRAPPER_EXTENSION = bundle;
			};
			name = Release;
		};
		FA3A4DA30D78A26000BD4C53 /* Debug */ = {
			isa = XCBuildConfiguration;
			buildSettings = {
				COPY_PHASE_STRIP = NO;
				GCC_DYNAMIC_NO_PIC = NO;
				GCC_OPTIMIZATION_LEVEL = 0;
				PRODUCT_NAME = Keywurl;
			};
			name = Debug;
		};
		FA3A4DA40D78A26000BD4C53 /* Release */ = {
			isa = XCBuildConfiguration;
			buildSettings = {
				COPY_PHASE_STRIP = YES;
				DEBUG_INFORMATION_FORMAT = "dwarf-with-dsym";
				GCC_ENABLE_FIX_AND_CONTINUE = NO;
				PRODUCT_NAME = Keywurl;
				ZERO_LINK = NO;
			};
			name = Release;
		};
		FAD4070B0FE2C59200365831 /* Debug */ = {
			isa = XCBuildConfiguration;
			buildSettings = {
				CONFIGURATION_BUILD_DIR = "$(BUILD_DIR)/$(CONFIGURATION) for Safari 4 on Leopard";
				COPY_PHASE_STRIP = NO;
				GCC_DYNAMIC_NO_PIC = NO;
				GCC_ENABLE_FIX_AND_CONTINUE = YES;
				GCC_ENABLE_OBJC_GC = supported;
				GCC_MODEL_TUNING = G5;
				GCC_OPTIMIZATION_LEVEL = 0;
				GCC_PRECOMPILE_PREFIX_HEADER = YES;
				GCC_PREFIX_HEADER = Keywurl_Prefix.pch;
				GCC_PREPROCESSOR_DEFINITIONS = "KEYWURL_SAFARI_VERSION=4";
				GCC_VERSION = 4.0;
				INFOPLIST_FILE = /Users/alex/Devel/Keywurl/Git/Info.plist;
				INFOPLIST_PREPROCESSOR_DEFINITIONS = "KEYWURL_SAFARI_VERSION=4";
				INSTALL_PATH = "$(HOME)/Library/Bundles";
				PRODUCT_NAME = Keywurl;
				SDKROOT = "$(DEVELOPER_SDK_DIR)/MacOSX10.5.sdk";
				WRAPPER_EXTENSION = bundle;
			};
			name = Debug;
		};
		FAD4070C0FE2C59200365831 /* Release */ = {
			isa = XCBuildConfiguration;
			buildSettings = {
				CONFIGURATION_BUILD_DIR = "$(BUILD_DIR)/$(CONFIGURATION) for Safari 4 on Tiger";
				GCC_ENABLE_OBJC_GC = supported;
				GCC_MODEL_TUNING = G5;
				GCC_PRECOMPILE_PREFIX_HEADER = YES;
				GCC_PREFIX_HEADER = Keywurl_Prefix.pch;
				GCC_PREPROCESSOR_DEFINITIONS = (
					KEYWURL_TARGET_TIGER,
					"KEYWURL_SAFARI_VERSION=4",
				);
				GCC_VERSION = 4.0;
				INFOPLIST_FILE = Info.plist;
				INFOPLIST_PREPROCESSOR_DEFINITIONS = (
					KEYWURL_TARGET_TIGER,
					"KEYWURL_SAFARI_VERSION=4",
				);
				INSTALL_PATH = "$(HOME)/Library/Bundles";
				PRODUCT_NAME = Keywurl;
				SDKROOT = "$(DEVELOPER_SDK_DIR)/MacOSX10.4u.sdk";
				WRAPPER_EXTENSION = bundle;
			};
			name = Release;
		};
		FAE6DFEE0F55DC2C008D3D58 /* Debug */ = {
			isa = XCBuildConfiguration;
			buildSettings = {
				CONFIGURATION_BUILD_DIR = "$(BUILD_DIR)/$(CONFIGURATION) for Safari 4 on Leopard";
				COPY_PHASE_STRIP = NO;
				GCC_DYNAMIC_NO_PIC = NO;
				GCC_ENABLE_FIX_AND_CONTINUE = YES;
				GCC_ENABLE_OBJC_GC = supported;
				GCC_MODEL_TUNING = G5;
				GCC_OPTIMIZATION_LEVEL = 0;
				GCC_PRECOMPILE_PREFIX_HEADER = YES;
				GCC_PREFIX_HEADER = Keywurl_Prefix.pch;
				GCC_PREPROCESSOR_DEFINITIONS = "KEYWURL_SAFARI_VERSION=4";
				INFOPLIST_FILE = Info.plist;
				INFOPLIST_PREPROCESSOR_DEFINITIONS = "KEYWURL_SAFARI_VERSION=4";
				INSTALL_PATH = "$(HOME)/Library/Bundles";
				PRODUCT_NAME = Keywurl;
				SDKROOT = "$(DEVELOPER_SDK_DIR)/MacOSX10.5.sdk";
				WRAPPER_EXTENSION = bundle;
			};
			name = Debug;
		};
		FAE6DFEF0F55DC2C008D3D58 /* Release */ = {
			isa = XCBuildConfiguration;
			buildSettings = {
				ARCHS = "$(ARCHS_STANDARD_32_64_BIT_PRE_XCODE_3_1)";
				ARCHS_STANDARD_32_64_BIT_PRE_XCODE_3_1 = "x86_64 i386 ppc";
				CONFIGURATION_BUILD_DIR = "$(BUILD_DIR)/$(CONFIGURATION) for Safari 4 on Leopard";
				GCC_ENABLE_OBJC_GC = supported;
				GCC_MODEL_TUNING = G5;
				GCC_PRECOMPILE_PREFIX_HEADER = YES;
				GCC_PREFIX_HEADER = Keywurl_Prefix.pch;
				GCC_PREPROCESSOR_DEFINITIONS = (
					KEYWURL_TARGET_LEOPARD,
					"KEYWURL_SAFARI_VERSION=4",
				);
				INFOPLIST_FILE = Info.plist;
				INFOPLIST_PREPROCESSOR_DEFINITIONS = (
					KEYWURL_TARGET_LEOPARD,
					"KEYWURL_SAFARI_VERSION=4",
				);
				INSTALL_PATH = "$(HOME)/Library/Bundles";
				"MACOSX_DEPLOYMENT_TARGET[arch=x86_64]" = 10.5;
				PRODUCT_NAME = Keywurl;
				SDKROOT = "$(DEVELOPER_SDK_DIR)/MacOSX10.5.sdk";
				WRAPPER_EXTENSION = bundle;
			};
			name = Release;
		};
/* End XCBuildConfiguration section */

/* Begin XCConfigurationList section */
		1DEB913A08733D840010E9CD /* Build configuration list for PBXNativeTarget "Keywurl for Safari 3 on Leopard" */ = {
			isa = XCConfigurationList;
			buildConfigurations = (
				1DEB913B08733D840010E9CD /* Debug */,
				1DEB913C08733D840010E9CD /* Release */,
			);
			defaultConfigurationIsVisible = 0;
			defaultConfigurationName = Release;
		};
		1DEB913E08733D840010E9CD /* Build configuration list for PBXProject "Keywurl" */ = {
			isa = XCConfigurationList;
			buildConfigurations = (
				1DEB913F08733D840010E9CD /* Debug */,
				1DEB914008733D840010E9CD /* Release */,
			);
			defaultConfigurationIsVisible = 0;
			defaultConfigurationName = Release;
		};
		FA3A4D880D78A0BD00BD4C53 /* Build configuration list for PBXNativeTarget "Keywurl for Safari 3 on Tiger" */ = {
			isa = XCConfigurationList;
			buildConfigurations = (
				FA3A4D890D78A0BD00BD4C53 /* Debug */,
				FA3A4D8A0D78A0BD00BD4C53 /* Release */,
			);
			defaultConfigurationIsVisible = 0;
			defaultConfigurationName = Release;
		};
		FA3A4DAE0D78A26F00BD4C53 /* Build configuration list for PBXAggregateTarget "Keywurl" */ = {
			isa = XCConfigurationList;
			buildConfigurations = (
				FA3A4DA30D78A26000BD4C53 /* Debug */,
				FA3A4DA40D78A26000BD4C53 /* Release */,
			);
			defaultConfigurationIsVisible = 0;
			defaultConfigurationName = Release;
		};
		FAD4070A0FE2C59200365831 /* Build configuration list for PBXNativeTarget "Keywurl for Safari 4 on Tiger" */ = {
			isa = XCConfigurationList;
			buildConfigurations = (
				FAD4070B0FE2C59200365831 /* Debug */,
				FAD4070C0FE2C59200365831 /* Release */,
			);
			defaultConfigurationIsVisible = 0;
			defaultConfigurationName = Release;
		};
		FAE6DFED0F55DC2C008D3D58 /* Build configuration list for PBXNativeTarget "Keywurl for Safari 4 on Leopard" */ = {
			isa = XCConfigurationList;
			buildConfigurations = (
				FAE6DFEE0F55DC2C008D3D58 /* Debug */,
				FAE6DFEF0F55DC2C008D3D58 /* Release */,
			);
			defaultConfigurationIsVisible = 0;
			defaultConfigurationName = Release;
		};
/* End XCConfigurationList section */
	};
	rootObject = 089C1669FE841209C02AAC07 /* Project object */;
}
