// !$*UTF8*$!
{
	archiveVersion = 1;
	classes = {
	};
	objectVersion = 44;
	objects = {

/* Begin PBXAggregateTarget section */
		FA3A4DA20D78A25F00BD4C53 /* Keywurl */ = {
			isa = PBXAggregateTarget;
			buildConfigurationList = FA3A4DAE0D78A26F00BD4C53 /* Build configuration list for PBXAggregateTarget "Keywurl" */;
			buildPhases = (
			);
			dependencies = (
				FA3A4DA60D78A26600BD4C53 /* PBXTargetDependency */,
				FA3A4DA80D78A26600BD4C53 /* PBXTargetDependency */,
			);
			name = Keywurl;
			productName = Keywurl;
		};
/* End PBXAggregateTarget section */

/* Begin PBXBuildFile section */
		8D5B49B0048680CD000E48DA /* InfoPlist.strings in Resources */ = {isa = PBXBuildFile; fileRef = 089C167DFE841241C02AAC07 /* InfoPlist.strings */; };
		8D5B49B4048680CD000E48DA /* Cocoa.framework in Frameworks */ = {isa = PBXBuildFile; fileRef = 1058C7ADFEA557BF11CA2CBB /* Cocoa.framework */; };
		FA3A4D2E0D789D2800BD4C53 /* Add.tiff in Resources */ = {isa = PBXBuildFile; fileRef = FA3A4D170D789D2800BD4C53 /* Add.tiff */; };
		FA3A4D2F0D789D2800BD4C53 /* KeywordMapper.m in Sources */ = {isa = PBXBuildFile; fileRef = FA3A4D190D789D2800BD4C53 /* KeywordMapper.m */; };
		FA3A4D300D789D2800BD4C53 /* KeywordMapping.m in Sources */ = {isa = PBXBuildFile; fileRef = FA3A4D1B0D789D2800BD4C53 /* KeywordMapping.m */; };
		FA3A4D310D789D2800BD4C53 /* Keywurl.icns in Resources */ = {isa = PBXBuildFile; fileRef = FA3A4D1C0D789D2800BD4C53 /* Keywurl.icns */; };
		FA3A4D320D789D2800BD4C53 /* Keywurl.png in Resources */ = {isa = PBXBuildFile; fileRef = FA3A4D1D0D789D2800BD4C53 /* Keywurl.png */; };
		FA3A4D330D789D2800BD4C53 /* KeywurlBrowserWebView.m in Sources */ = {isa = PBXBuildFile; fileRef = FA3A4D1F0D789D2800BD4C53 /* KeywurlBrowserWebView.m */; };
		FA3A4D340D789D2800BD4C53 /* KeywurlBrowserWindowController.m in Sources */ = {isa = PBXBuildFile; fileRef = FA3A4D210D789D2800BD4C53 /* KeywurlBrowserWindowController.m */; };
		FA3A4D350D789D2800BD4C53 /* KeywurlPlugin.m in Sources */ = {isa = PBXBuildFile; fileRef = FA3A4D230D789D2800BD4C53 /* KeywurlPlugin.m */; };
		FA3A4D360D789D2800BD4C53 /* KeywurlPreferences.m in Sources */ = {isa = PBXBuildFile; fileRef = FA3A4D250D789D2800BD4C53 /* KeywurlPreferences.m */; };
		FA3A4D370D789D2800BD4C53 /* NSPreferences+Keywurl.m in Sources */ = {isa = PBXBuildFile; fileRef = FA3A4D280D789D2800BD4C53 /* NSPreferences+Keywurl.m */; };
		FA3A4D380D789D2800BD4C53 /* Readme.rtf in Resources */ = {isa = PBXBuildFile; fileRef = FA3A4D290D789D2800BD4C53 /* Readme.rtf */; };
		FA3A4D390D789D2800BD4C53 /* Remove.tiff in Resources */ = {isa = PBXBuildFile; fileRef = FA3A4D2A0D789D2800BD4C53 /* Remove.tiff */; };
		FA3A4D780D78A0BD00BD4C53 /* InfoPlist.strings in Resources */ = {isa = PBXBuildFile; fileRef = 089C167DFE841241C02AAC07 /* InfoPlist.strings */; };
		FA3A4D790D78A0BD00BD4C53 /* Add.tiff in Resources */ = {isa = PBXBuildFile; fileRef = FA3A4D170D789D2800BD4C53 /* Add.tiff */; };
		FA3A4D7A0D78A0BD00BD4C53 /* Keywurl.icns in Resources */ = {isa = PBXBuildFile; fileRef = FA3A4D1C0D789D2800BD4C53 /* Keywurl.icns */; };
		FA3A4D7B0D78A0BD00BD4C53 /* Keywurl.png in Resources */ = {isa = PBXBuildFile; fileRef = FA3A4D1D0D789D2800BD4C53 /* Keywurl.png */; };
		FA3A4D7C0D78A0BD00BD4C53 /* Readme.rtf in Resources */ = {isa = PBXBuildFile; fileRef = FA3A4D290D789D2800BD4C53 /* Readme.rtf */; };
		FA3A4D7D0D78A0BD00BD4C53 /* Remove.tiff in Resources */ = {isa = PBXBuildFile; fileRef = FA3A4D2A0D789D2800BD4C53 /* Remove.tiff */; };
		FA3A4D7F0D78A0BD00BD4C53 /* KeywordMapper.m in Sources */ = {isa = PBXBuildFile; fileRef = FA3A4D190D789D2800BD4C53 /* KeywordMapper.m */; };
		FA3A4D800D78A0BD00BD4C53 /* KeywordMapping.m in Sources */ = {isa = PBXBuildFile; fileRef = FA3A4D1B0D789D2800BD4C53 /* KeywordMapping.m */; };
		FA3A4D810D78A0BD00BD4C53 /* KeywurlBrowserWebView.m in Sources */ = {isa = PBXBuildFile; fileRef = FA3A4D1F0D789D2800BD4C53 /* KeywurlBrowserWebView.m */; };
		FA3A4D820D78A0BD00BD4C53 /* KeywurlBrowserWindowController.m in Sources */ = {isa = PBXBuildFile; fileRef = FA3A4D210D789D2800BD4C53 /* KeywurlBrowserWindowController.m */; };
		FA3A4D830D78A0BD00BD4C53 /* KeywurlPlugin.m in Sources */ = {isa = PBXBuildFile; fileRef = FA3A4D230D789D2800BD4C53 /* KeywurlPlugin.m */; };
		FA3A4D840D78A0BD00BD4C53 /* KeywurlPreferences.m in Sources */ = {isa = PBXBuildFile; fileRef = FA3A4D250D789D2800BD4C53 /* KeywurlPreferences.m */; };
		FA3A4D850D78A0BD00BD4C53 /* NSPreferences+Keywurl.m in Sources */ = {isa = PBXBuildFile; fileRef = FA3A4D280D789D2800BD4C53 /* NSPreferences+Keywurl.m */; };
		FA3A4D870D78A0BD00BD4C53 /* Cocoa.framework in Frameworks */ = {isa = PBXBuildFile; fileRef = 1058C7ADFEA557BF11CA2CBB /* Cocoa.framework */; };
		FA3A4D9E0D78A1DF00BD4C53 /* KeywurlPreferences.nib in Resources */ = {isa = PBXBuildFile; fileRef = FA3A4D9C0D78A1DF00BD4C53 /* KeywurlPreferences.nib */; };
		FA3A4D9F0D78A1E500BD4C53 /* KeywurlPreferences.nib in Resources */ = {isa = PBXBuildFile; fileRef = FA3A4D9C0D78A1DF00BD4C53 /* KeywurlPreferences.nib */; };
/* End PBXBuildFile section */

/* Begin PBXContainerItemProxy section */
		FA3A4DA50D78A26600BD4C53 /* PBXContainerItemProxy */ = {
			isa = PBXContainerItemProxy;
			containerPortal = 089C1669FE841209C02AAC07 /* Project object */;
			proxyType = 1;
			remoteGlobalIDString = 8D5B49AC048680CD000E48DA;
			remoteInfo = "Keywurl on Leopard";
		};
		FA3A4DA70D78A26600BD4C53 /* PBXContainerItemProxy */ = {
			isa = PBXContainerItemProxy;
			containerPortal = 089C1669FE841209C02AAC07 /* Project object */;
			proxyType = 1;
			remoteGlobalIDString = FA3A4D760D78A0BD00BD4C53;
			remoteInfo = "Keywurl on Tiger";
		};
/* End PBXContainerItemProxy section */

/* Begin PBXFileReference section */
		089C1672FE841209C02AAC07 /* Foundation.framework */ = {isa = PBXFileReference; lastKnownFileType = wrapper.framework; name = Foundation.framework; path = /System/Library/Frameworks/Foundation.framework; sourceTree = "<absolute>"; };
		089C167EFE841241C02AAC07 /* English */ = {isa = PBXFileReference; fileEncoding = 10; lastKnownFileType = text.plist.strings; name = English; path = English.lproj/InfoPlist.strings; sourceTree = "<group>"; };
		089C167FFE841241C02AAC07 /* AppKit.framework */ = {isa = PBXFileReference; lastKnownFileType = wrapper.framework; name = AppKit.framework; path = /System/Library/Frameworks/AppKit.framework; sourceTree = "<absolute>"; };
		1058C7ADFEA557BF11CA2CBB /* Cocoa.framework */ = {isa = PBXFileReference; lastKnownFileType = wrapper.framework; name = Cocoa.framework; path = /System/Library/Frameworks/Cocoa.framework; sourceTree = "<absolute>"; };
		8D5B49B6048680CD000E48DA /* Keywurl.bundle */ = {isa = PBXFileReference; explicitFileType = wrapper.cfbundle; includeInIndex = 0; path = Keywurl.bundle; sourceTree = BUILT_PRODUCTS_DIR; };
		8D5B49B7048680CD000E48DA /* Info.plist */ = {isa = PBXFileReference; fileEncoding = 4; lastKnownFileType = text.plist.xml; path = Info.plist; sourceTree = "<group>"; };
		D2F7E65807B2D6F200F64583 /* CoreData.framework */ = {isa = PBXFileReference; lastKnownFileType = wrapper.framework; name = CoreData.framework; path = /System/Library/Frameworks/CoreData.framework; sourceTree = "<absolute>"; };
		FA3A4D170D789D2800BD4C53 /* Add.tiff */ = {isa = PBXFileReference; lastKnownFileType = image.tiff; path = Add.tiff; sourceTree = "<group>"; };
		FA3A4D180D789D2800BD4C53 /* KeywordMapper.h */ = {isa = PBXFileReference; fileEncoding = 4; lastKnownFileType = sourcecode.c.h; path = KeywordMapper.h; sourceTree = "<group>"; };
		FA3A4D190D789D2800BD4C53 /* KeywordMapper.m */ = {isa = PBXFileReference; fileEncoding = 4; lastKnownFileType = sourcecode.c.objc; path = KeywordMapper.m; sourceTree = "<group>"; };
		FA3A4D1A0D789D2800BD4C53 /* KeywordMapping.h */ = {isa = PBXFileReference; fileEncoding = 4; lastKnownFileType = sourcecode.c.h; path = KeywordMapping.h; sourceTree = "<group>"; };
		FA3A4D1B0D789D2800BD4C53 /* KeywordMapping.m */ = {isa = PBXFileReference; fileEncoding = 4; lastKnownFileType = sourcecode.c.objc; path = KeywordMapping.m; sourceTree = "<group>"; };
		FA3A4D1C0D789D2800BD4C53 /* Keywurl.icns */ = {isa = PBXFileReference; lastKnownFileType = image.icns; path = Keywurl.icns; sourceTree = "<group>"; };
		FA3A4D1D0D789D2800BD4C53 /* Keywurl.png */ = {isa = PBXFileReference; lastKnownFileType = image.png; path = Keywurl.png; sourceTree = "<group>"; };
		FA3A4D1E0D789D2800BD4C53 /* KeywurlBrowserWebView.h */ = {isa = PBXFileReference; fileEncoding = 4; lastKnownFileType = sourcecode.c.h; path = KeywurlBrowserWebView.h; sourceTree = "<group>"; };
		FA3A4D1F0D789D2800BD4C53 /* KeywurlBrowserWebView.m */ = {isa = PBXFileReference; fileEncoding = 4; lastKnownFileType = sourcecode.c.objc; path = KeywurlBrowserWebView.m; sourceTree = "<group>"; };
		FA3A4D200D789D2800BD4C53 /* KeywurlBrowserWindowController.h */ = {isa = PBXFileReference; fileEncoding = 4; lastKnownFileType = sourcecode.c.h; path = KeywurlBrowserWindowController.h; sourceTree = "<group>"; };
		FA3A4D210D789D2800BD4C53 /* KeywurlBrowserWindowController.m */ = {isa = PBXFileReference; fileEncoding = 4; lastKnownFileType = sourcecode.c.objc; path = KeywurlBrowserWindowController.m; sourceTree = "<group>"; };
		FA3A4D220D789D2800BD4C53 /* KeywurlPlugin.h */ = {isa = PBXFileReference; fileEncoding = 4; lastKnownFileType = sourcecode.c.h; path = KeywurlPlugin.h; sourceTree = "<group>"; };
		FA3A4D230D789D2800BD4C53 /* KeywurlPlugin.m */ = {isa = PBXFileReference; fileEncoding = 4; lastKnownFileType = sourcecode.c.objc; path = KeywurlPlugin.m; sourceTree = "<group>"; };
		FA3A4D240D789D2800BD4C53 /* KeywurlPreferences.h */ = {isa = PBXFileReference; fileEncoding = 4; lastKnownFileType = sourcecode.c.h; path = KeywurlPreferences.h; sourceTree = "<group>"; };
		FA3A4D250D789D2800BD4C53 /* KeywurlPreferences.m */ = {isa = PBXFileReference; fileEncoding = 4; lastKnownFileType = sourcecode.c.objc; path = KeywurlPreferences.m; sourceTree = "<group>"; };
		FA3A4D260D789D2800BD4C53 /* NSPreferenceModule.h */ = {isa = PBXFileReference; fileEncoding = 4; lastKnownFileType = sourcecode.c.h; path = NSPreferenceModule.h; sourceTree = "<group>"; };
		FA3A4D270D789D2800BD4C53 /* NSPreferences+Keywurl.h */ = {isa = PBXFileReference; fileEncoding = 4; lastKnownFileType = sourcecode.c.h; path = "NSPreferences+Keywurl.h"; sourceTree = "<group>"; };
		FA3A4D280D789D2800BD4C53 /* NSPreferences+Keywurl.m */ = {isa = PBXFileReference; fileEncoding = 4; lastKnownFileType = sourcecode.c.objc; path = "NSPreferences+Keywurl.m"; sourceTree = "<group>"; };
		FA3A4D290D789D2800BD4C53 /* Readme.rtf */ = {isa = PBXFileReference; lastKnownFileType = text.rtf; path = Readme.rtf; sourceTree = "<group>"; };
		FA3A4D2A0D789D2800BD4C53 /* Remove.tiff */ = {isa = PBXFileReference; lastKnownFileType = image.tiff; path = Remove.tiff; sourceTree = "<group>"; };
		FA3A4D2B0D789D2800BD4C53 /* Safari.h */ = {isa = PBXFileReference; fileEncoding = 4; lastKnownFileType = sourcecode.c.h; path = Safari.h; sourceTree = "<group>"; };
		FA3A4D2C0D789D2800BD4C53 /* Safari2_0.h */ = {isa = PBXFileReference; fileEncoding = 4; lastKnownFileType = sourcecode.c.h; path = Safari2_0.h; sourceTree = "<group>"; };
		FA3A4D2D0D789D2800BD4C53 /* Safari3_0.h */ = {isa = PBXFileReference; fileEncoding = 4; lastKnownFileType = sourcecode.c.h; path = Safari3_0.h; sourceTree = "<group>"; };
		FA3A4D8B0D78A0BD00BD4C53 /* Keywurl.bundle */ = {isa = PBXFileReference; explicitFileType = wrapper.cfbundle; includeInIndex = 0; path = Keywurl.bundle; sourceTree = BUILT_PRODUCTS_DIR; };
		FA3A4D9D0D78A1DF00BD4C53 /* English */ = {isa = PBXFileReference; lastKnownFileType = wrapper.nib; name = English; path = English.lproj/KeywurlPreferences.nib; sourceTree = "<group>"; };
/* End PBXFileReference section */

/* Begin PBXFrameworksBuildPhase section */
		8D5B49B3048680CD000E48DA /* Frameworks */ = {
			isa = PBXFrameworksBuildPhase;
			buildActionMask = 2147483647;
			files = (
				8D5B49B4048680CD000E48DA /* Cocoa.framework in Frameworks */,
			);
			runOnlyForDeploymentPostprocessing = 0;
		};
		FA3A4D860D78A0BD00BD4C53 /* Frameworks */ = {
			isa = PBXFrameworksBuildPhase;
			buildActionMask = 2147483647;
			files = (
				FA3A4D870D78A0BD00BD4C53 /* Cocoa.framework in Frameworks */,
			);
			runOnlyForDeploymentPostprocessing = 0;
		};
/* End PBXFrameworksBuildPhase section */

/* Begin PBXGroup section */
		089C166AFE841209C02AAC07 /* Keywurl */ = {
			isa = PBXGroup;
			children = (
				08FB77AFFE84173DC02AAC07 /* Classes */,
				32C88E010371C26100C91783 /* Other Sources */,
				089C167CFE841241C02AAC07 /* Resources */,
				089C1671FE841209C02AAC07 /* Frameworks and Libraries */,
				19C28FB8FE9D52D311CA2CBB /* Products */,
			);
			name = Keywurl;
			sourceTree = "<group>";
		};
		089C1671FE841209C02AAC07 /* Frameworks and Libraries */ = {
			isa = PBXGroup;
			children = (
				1058C7ACFEA557BF11CA2CBB /* Linked Frameworks */,
				1058C7AEFEA557BF11CA2CBB /* Other Frameworks */,
			);
			name = "Frameworks and Libraries";
			sourceTree = "<group>";
		};
		089C167CFE841241C02AAC07 /* Resources */ = {
			isa = PBXGroup;
			children = (
				FA3A4D9C0D78A1DF00BD4C53 /* KeywurlPreferences.nib */,
				FA3A4D170D789D2800BD4C53 /* Add.tiff */,
				FA3A4D1C0D789D2800BD4C53 /* Keywurl.icns */,
				FA3A4D1D0D789D2800BD4C53 /* Keywurl.png */,
				FA3A4D290D789D2800BD4C53 /* Readme.rtf */,
				FA3A4D2A0D789D2800BD4C53 /* Remove.tiff */,
				8D5B49B7048680CD000E48DA /* Info.plist */,
				089C167DFE841241C02AAC07 /* InfoPlist.strings */,
			);
			name = Resources;
			sourceTree = "<group>";
		};
		08FB77AFFE84173DC02AAC07 /* Classes */ = {
			isa = PBXGroup;
			children = (
				FA3A4D180D789D2800BD4C53 /* KeywordMapper.h */,
				FA3A4D190D789D2800BD4C53 /* KeywordMapper.m */,
				FA3A4D1A0D789D2800BD4C53 /* KeywordMapping.h */,
				FA3A4D1B0D789D2800BD4C53 /* KeywordMapping.m */,
				FA3A4D1E0D789D2800BD4C53 /* KeywurlBrowserWebView.h */,
				FA3A4D1F0D789D2800BD4C53 /* KeywurlBrowserWebView.m */,
				FA3A4D200D789D2800BD4C53 /* KeywurlBrowserWindowController.h */,
				FA3A4D210D789D2800BD4C53 /* KeywurlBrowserWindowController.m */,
				FA3A4D220D789D2800BD4C53 /* KeywurlPlugin.h */,
				FA3A4D230D789D2800BD4C53 /* KeywurlPlugin.m */,
				FA3A4D240D789D2800BD4C53 /* KeywurlPreferences.h */,
				FA3A4D250D789D2800BD4C53 /* KeywurlPreferences.m */,
				FA3A4D260D789D2800BD4C53 /* NSPreferenceModule.h */,
				FA3A4D270D789D2800BD4C53 /* NSPreferences+Keywurl.h */,
				FA3A4D280D789D2800BD4C53 /* NSPreferences+Keywurl.m */,
				FA3A4D2B0D789D2800BD4C53 /* Safari.h */,
				FA3A4D2C0D789D2800BD4C53 /* Safari2_0.h */,
				FA3A4D2D0D789D2800BD4C53 /* Safari3_0.h */,
			);
			name = Classes;
			sourceTree = "<group>";
		};
		1058C7ACFEA557BF11CA2CBB /* Linked Frameworks */ = {
			isa = PBXGroup;
			children = (
				1058C7ADFEA557BF11CA2CBB /* Cocoa.framework */,
			);
			name = "Linked Frameworks";
			sourceTree = "<group>";
		};
		1058C7AEFEA557BF11CA2CBB /* Other Frameworks */ = {
			isa = PBXGroup;
			children = (
				089C167FFE841241C02AAC07 /* AppKit.framework */,
				D2F7E65807B2D6F200F64583 /* CoreData.framework */,
				089C1672FE841209C02AAC07 /* Foundation.framework */,
			);
			name = "Other Frameworks";
			sourceTree = "<group>";
		};
		19C28FB8FE9D52D311CA2CBB /* Products */ = {
			isa = PBXGroup;
			children = (
				8D5B49B6048680CD000E48DA /* Keywurl.bundle */,
				FA3A4D8B0D78A0BD00BD4C53 /* Keywurl.bundle */,
			);
			name = Products;
			sourceTree = "<group>";
		};
		32C88E010371C26100C91783 /* Other Sources */ = {
			isa = PBXGroup;
			children = (
			);
			name = "Other Sources";
			sourceTree = "<group>";
		};
/* End PBXGroup section */

/* Begin PBXNativeTarget section */
		8D5B49AC048680CD000E48DA /* Keywurl on Leopard */ = {
			isa = PBXNativeTarget;
			buildConfigurationList = 1DEB913A08733D840010E9CD /* Build configuration list for PBXNativeTarget "Keywurl on Leopard" */;
			buildPhases = (
				8D5B49AF048680CD000E48DA /* Resources */,
				8D5B49B1048680CD000E48DA /* Sources */,
				8D5B49B3048680CD000E48DA /* Frameworks */,
			);
			buildRules = (
			);
			dependencies = (
			);
			name = "Keywurl on Leopard";
			productInstallPath = "$(HOME)/Library/Bundles";
			productName = Keywurl;
			productReference = 8D5B49B6048680CD000E48DA /* Keywurl.bundle */;
			productType = "com.apple.product-type.bundle";
		};
		FA3A4D760D78A0BD00BD4C53 /* Keywurl on Tiger */ = {
			isa = PBXNativeTarget;
			buildConfigurationList = FA3A4D880D78A0BD00BD4C53 /* Build configuration list for PBXNativeTarget "Keywurl on Tiger" */;
			buildPhases = (
				FA3A4D770D78A0BD00BD4C53 /* Resources */,
				FA3A4D7E0D78A0BD00BD4C53 /* Sources */,
				FA3A4D860D78A0BD00BD4C53 /* Frameworks */,
			);
			buildRules = (
			);
			dependencies = (
			);
			name = "Keywurl on Tiger";
			productInstallPath = "$(HOME)/Library/Bundles";
			productName = Keywurl;
			productReference = FA3A4D8B0D78A0BD00BD4C53 /* Keywurl.bundle */;
			productType = "com.apple.product-type.bundle";
		};
/* End PBXNativeTarget section */

/* Begin PBXProject section */
		089C1669FE841209C02AAC07 /* Project object */ = {
			isa = PBXProject;
			buildConfigurationList = 1DEB913E08733D840010E9CD /* Build configuration list for PBXProject "Keywurl" */;
			compatibilityVersion = "Xcode 3.0";
			hasScannedForEncodings = 1;
			mainGroup = 089C166AFE841209C02AAC07 /* Keywurl */;
			projectDirPath = "";
			projectRoot = "";
			targets = (
				FA3A4DA20D78A25F00BD4C53 /* Keywurl */,
				8D5B49AC048680CD000E48DA /* Keywurl on Leopard */,
				FA3A4D760D78A0BD00BD4C53 /* Keywurl on Tiger */,
			);
		};
/* End PBXProject section */

/* Begin PBXResourcesBuildPhase section */
		8D5B49AF048680CD000E48DA /* Resources */ = {
			isa = PBXResourcesBuildPhase;
			buildActionMask = 2147483647;
			files = (
				8D5B49B0048680CD000E48DA /* InfoPlist.strings in Resources */,
				FA3A4D2E0D789D2800BD4C53 /* Add.tiff in Resources */,
				FA3A4D310D789D2800BD4C53 /* Keywurl.icns in Resources */,
				FA3A4D320D789D2800BD4C53 /* Keywurl.png in Resources */,
				FA3A4D380D789D2800BD4C53 /* Readme.rtf in Resources */,
				FA3A4D390D789D2800BD4C53 /* Remove.tiff in Resources */,
				FA3A4D9E0D78A1DF00BD4C53 /* KeywurlPreferences.nib in Resources */,
			);
			runOnlyForDeploymentPostprocessing = 0;
		};
		FA3A4D770D78A0BD00BD4C53 /* Resources */ = {
			isa = PBXResourcesBuildPhase;
			buildActionMask = 2147483647;
			files = (
				FA3A4D780D78A0BD00BD4C53 /* InfoPlist.strings in Resources */,
				FA3A4D790D78A0BD00BD4C53 /* Add.tiff in Resources */,
				FA3A4D7A0D78A0BD00BD4C53 /* Keywurl.icns in Resources */,
				FA3A4D7B0D78A0BD00BD4C53 /* Keywurl.png in Resources */,
				FA3A4D7C0D78A0BD00BD4C53 /* Readme.rtf in Resources */,
				FA3A4D7D0D78A0BD00BD4C53 /* Remove.tiff in Resources */,
				FA3A4D9F0D78A1E500BD4C53 /* KeywurlPreferences.nib in Resources */,
			);
			runOnlyForDeploymentPostprocessing = 0;
		};
/* End PBXResourcesBuildPhase section */

/* Begin PBXSourcesBuildPhase section */
		8D5B49B1048680CD000E48DA /* Sources */ = {
			isa = PBXSourcesBuildPhase;
			buildActionMask = 2147483647;
			files = (
				FA3A4D2F0D789D2800BD4C53 /* KeywordMapper.m in Sources */,
				FA3A4D300D789D2800BD4C53 /* KeywordMapping.m in Sources */,
				FA3A4D330D789D2800BD4C53 /* KeywurlBrowserWebView.m in Sources */,
				FA3A4D340D789D2800BD4C53 /* KeywurlBrowserWindowController.m in Sources */,
				FA3A4D350D789D2800BD4C53 /* KeywurlPlugin.m in Sources */,
				FA3A4D360D789D2800BD4C53 /* KeywurlPreferences.m in Sources */,
				FA3A4D370D789D2800BD4C53 /* NSPreferences+Keywurl.m in Sources */,
			);
			runOnlyForDeploymentPostprocessing = 0;
		};
		FA3A4D7E0D78A0BD00BD4C53 /* Sources */ = {
			isa = PBXSourcesBuildPhase;
			buildActionMask = 2147483647;
			files = (
				FA3A4D7F0D78A0BD00BD4C53 /* KeywordMapper.m in Sources */,
				FA3A4D800D78A0BD00BD4C53 /* KeywordMapping.m in Sources */,
				FA3A4D810D78A0BD00BD4C53 /* KeywurlBrowserWebView.m in Sources */,
				FA3A4D820D78A0BD00BD4C53 /* KeywurlBrowserWindowController.m in Sources */,
				FA3A4D830D78A0BD00BD4C53 /* KeywurlPlugin.m in Sources */,
				FA3A4D840D78A0BD00BD4C53 /* KeywurlPreferences.m in Sources */,
				FA3A4D850D78A0BD00BD4C53 /* NSPreferences+Keywurl.m in Sources */,
			);
			runOnlyForDeploymentPostprocessing = 0;
		};
/* End PBXSourcesBuildPhase section */

/* Begin PBXTargetDependency section */
		FA3A4DA60D78A26600BD4C53 /* PBXTargetDependency */ = {
			isa = PBXTargetDependency;
			target = 8D5B49AC048680CD000E48DA /* Keywurl on Leopard */;
			targetProxy = FA3A4DA50D78A26600BD4C53 /* PBXContainerItemProxy */;
		};
		FA3A4DA80D78A26600BD4C53 /* PBXTargetDependency */ = {
			isa = PBXTargetDependency;
			target = FA3A4D760D78A0BD00BD4C53 /* Keywurl on Tiger */;
			targetProxy = FA3A4DA70D78A26600BD4C53 /* PBXContainerItemProxy */;
		};
/* End PBXTargetDependency section */

/* Begin PBXVariantGroup section */
		089C167DFE841241C02AAC07 /* InfoPlist.strings */ = {
			isa = PBXVariantGroup;
			children = (
				089C167EFE841241C02AAC07 /* English */,
			);
			name = InfoPlist.strings;
			sourceTree = "<group>";
		};
		FA3A4D9C0D78A1DF00BD4C53 /* KeywurlPreferences.nib */ = {
			isa = PBXVariantGroup;
			children = (
				FA3A4D9D0D78A1DF00BD4C53 /* English */,
			);
			name = KeywurlPreferences.nib;
			sourceTree = "<group>";
		};
/* End PBXVariantGroup section */

/* Begin XCBuildConfiguration section */
		1DEB913B08733D840010E9CD /* Debug */ = {
			isa = XCBuildConfiguration;
			buildSettings = {
				CONFIGURATION_BUILD_DIR = "$(BUILD_DIR)/$(CONFIGURATION) on Leopard";
				COPY_PHASE_STRIP = NO;
				GCC_DYNAMIC_NO_PIC = NO;
				GCC_ENABLE_FIX_AND_CONTINUE = YES;
				GCC_ENABLE_OBJC_GC = supported;
				GCC_MODEL_TUNING = G5;
				GCC_OPTIMIZATION_LEVEL = 0;
				GCC_PRECOMPILE_PREFIX_HEADER = YES;
				GCC_PREFIX_HEADER = Keywurl_Prefix.pch;
				INFOPLIST_FILE = Info.plist;
				INFOPLIST_PREPROCESS = YES;
				INFOPLIST_PREPROCESSOR_DEFINITIONS = (
					"MIN_BUNDLE_VERSION=5523",
					"KEYWURL_VERSION=1.3.5",
					"MAX_BUNDLE_VERSION=5525",
				);
				INSTALL_PATH = "$(HOME)/Library/Bundles";
				PRODUCT_NAME = Keywurl;
				SDKROOT = "$(DEVELOPER_SDK_DIR)/MacOSX10.5.sdk";
				WRAPPER_EXTENSION = bundle;
				ZERO_LINK = YES;
			};
			name = Debug;
		};
		1DEB913C08733D840010E9CD /* Release */ = {
			isa = XCBuildConfiguration;
			buildSettings = {
				CONFIGURATION_BUILD_DIR = "$(BUILD_DIR)/$(CONFIGURATION) on Leopard";
				DEBUG_INFORMATION_FORMAT = "dwarf-with-dsym";
				GCC_ENABLE_OBJC_GC = supported;
				GCC_MODEL_TUNING = G5;
				GCC_PRECOMPILE_PREFIX_HEADER = YES;
				GCC_PREFIX_HEADER = Keywurl_Prefix.pch;
				INFOPLIST_FILE = Info.plist;
				INFOPLIST_PREPROCESS = YES;
				INFOPLIST_PREPROCESSOR_DEFINITIONS = (
					"MIN_BUNDLE_VERSION=5523",
					"KEYWURL_VERSION=1.3.5",
					"MAX_BUNDLE_VERSION=5525",
				);
				INSTALL_PATH = "$(HOME)/Library/Bundles";
				PRODUCT_NAME = Keywurl;
				SDKROOT = "$(DEVELOPER_SDK_DIR)/MacOSX10.5.sdk";
				WRAPPER_EXTENSION = bundle;
			};
			name = Release;
		};
		1DEB913F08733D840010E9CD /* Debug */ = {
			isa = XCBuildConfiguration;
			buildSettings = {
				GCC_C_LANGUAGE_STANDARD = c99;
				GCC_WARN_ABOUT_RETURN_TYPE = YES;
				GCC_WARN_UNUSED_VARIABLE = YES;
				INFOPLIST_PREPROCESSOR_DEFINITIONS = (
					"MIN_BUNDLE_VERSION=523",
					"MAX_BUNDLE_VERSION=523",
				);
				MACOSX_DEPLOYMENT_TARGET = 10.4;
				OTHER_LDFLAGS = (
					"-undefined",
					dynamic_lookup,
				);
				PREBINDING = NO;
				SDKROOT = "$(DEVELOPER_SDK_DIR)/MacOSX10.4u.sdk";
			};
			name = Debug;
		};
		1DEB914008733D840010E9CD /* Release */ = {
			isa = XCBuildConfiguration;
			buildSettings = {
				ARCHS = (
					ppc,
					i386,
				);
				GCC_C_LANGUAGE_STANDARD = c99;
				GCC_WARN_ABOUT_RETURN_TYPE = YES;
				GCC_WARN_UNUSED_VARIABLE = YES;
				MACOSX_DEPLOYMENT_TARGET = 10.4;
				OTHER_LDFLAGS = (
					"-undefined",
					dynamic_lookup,
				);
				PREBINDING = NO;
				SDKROOT = "$(DEVELOPER_SDK_DIR)/MacOSX10.4u.sdk";
			};
			name = Release;
		};
		FA3A4D890D78A0BD00BD4C53 /* Debug */ = {
			isa = XCBuildConfiguration;
			buildSettings = {
				CONFIGURATION_BUILD_DIR = "$(BUILD_DIR)/$(CONFIGURATION) on Tiger";
				COPY_PHASE_STRIP = NO;
				GCC_DYNAMIC_NO_PIC = NO;
				GCC_ENABLE_FIX_AND_CONTINUE = YES;
				GCC_MODEL_TUNING = G5;
				GCC_OPTIMIZATION_LEVEL = 0;
				GCC_PRECOMPILE_PREFIX_HEADER = YES;
				GCC_PREFIX_HEADER = Keywurl_Prefix.pch;
				INFOPLIST_FILE = Info.plist;
				INFOPLIST_PREPROCESS = YES;
				INFOPLIST_PREPROCESSOR_DEFINITIONS = (
					"MAX_BUNDLE_VERSION=4525",
					"KEYWURL_VERSION=1.3.5",
					"MIN_BUNDLE_VERSION=523",
				);
				INSTALL_PATH = "$(HOME)/Library/Bundles";
				PRODUCT_NAME = Keywurl;
				WRAPPER_EXTENSION = bundle;
				ZERO_LINK = YES;
			};
			name = Debug;
		};
		FA3A4D8A0D78A0BD00BD4C53 /* Release */ = {
			isa = XCBuildConfiguration;
			buildSettings = {
				CONFIGURATION_BUILD_DIR = "$(BUILD_DIR)/$(CONFIGURATION) on Tiger";
				DEBUG_INFORMATION_FORMAT = "dwarf-with-dsym";
				GCC_MODEL_TUNING = G5;
				GCC_PRECOMPILE_PREFIX_HEADER = YES;
				GCC_PREFIX_HEADER = Keywurl_Prefix.pch;
				INFOPLIST_FILE = Info.plist;
				INFOPLIST_PREPROCESS = YES;
				INFOPLIST_PREPROCESSOR_DEFINITIONS = (
					"MAX_BUNDLE_VERSION=4525",
					"KEYWURL_VERSION=1.3.5",
					"MIN_BUNDLE_VERSION=523",
				);
				INSTALL_PATH = "$(HOME)/Library/Bundles";
				PRODUCT_NAME = Keywurl;
				WRAPPER_EXTENSION = bundle;
			};
			name = Release;
		};
		FA3A4DA30D78A26000BD4C53 /* Debug */ = {
			isa = XCBuildConfiguration;
			buildSettings = {
				COPY_PHASE_STRIP = NO;
				GCC_DYNAMIC_NO_PIC = NO;
				GCC_OPTIMIZATION_LEVEL = 0;
				PRODUCT_NAME = Keywurl;
			};
			name = Debug;
		};
		FA3A4DA40D78A26000BD4C53 /* Release */ = {
			isa = XCBuildConfiguration;
			buildSettings = {
				COPY_PHASE_STRIP = YES;
				DEBUG_INFORMATION_FORMAT = "dwarf-with-dsym";
				GCC_ENABLE_FIX_AND_CONTINUE = NO;
				PRODUCT_NAME = Keywurl;
				ZERO_LINK = NO;
			};
			name = Release;
		};
/* End XCBuildConfiguration section */

/* Begin XCConfigurationList section */
		1DEB913A08733D840010E9CD /* Build configuration list for PBXNativeTarget "Keywurl on Leopard" */ = {
			isa = XCConfigurationList;
			buildConfigurations = (
				1DEB913B08733D840010E9CD /* Debug */,
				1DEB913C08733D840010E9CD /* Release */,
			);
			defaultConfigurationIsVisible = 0;
			defaultConfigurationName = Release;
		};
		1DEB913E08733D840010E9CD /* Build configuration list for PBXProject "Keywurl" */ = {
			isa = XCConfigurationList;
			buildConfigurations = (
				1DEB913F08733D840010E9CD /* Debug */,
				1DEB914008733D840010E9CD /* Release */,
			);
			defaultConfigurationIsVisible = 0;
			defaultConfigurationName = Release;
		};
		FA3A4D880D78A0BD00BD4C53 /* Build configuration list for PBXNativeTarget "Keywurl on Tiger" */ = {
			isa = XCConfigurationList;
			buildConfigurations = (
				FA3A4D890D78A0BD00BD4C53 /* Debug */,
				FA3A4D8A0D78A0BD00BD4C53 /* Release */,
			);
			defaultConfigurationIsVisible = 0;
			defaultConfigurationName = Release;
		};
		FA3A4DAE0D78A26F00BD4C53 /* Build configuration list for PBXAggregateTarget "Keywurl" */ = {
			isa = XCConfigurationList;
			buildConfigurations = (
				FA3A4DA30D78A26000BD4C53 /* Debug */,
				FA3A4DA40D78A26000BD4C53 /* Release */,
			);
			defaultConfigurationIsVisible = 0;
			defaultConfigurationName = Release;
		};
/* End XCConfigurationList section */
	};
	rootObject = 089C1669FE841209C02AAC07 /* Project object */;
}
